// !$*UTF8*$!
{
	archiveVersion = 1;
	classes = {
	};
	objectVersion = 56;
	objects = {

/* Begin PBXBuildFile section */
		3464B86D2C29880B00D1BB86 /* DetailItemView.swift in Sources */ = {isa = PBXBuildFile; fileRef = 3464B86C2C29880B00D1BB86 /* DetailItemView.swift */; };
		346886EC2C293BF600987708 /* _7_Milestone_project_10_12App.swift in Sources */ = {isa = PBXBuildFile; fileRef = 346886EB2C293BF600987708 /* _7_Milestone_project_10_12App.swift */; };
		346886EE2C293BF600987708 /* ContentView.swift in Sources */ = {isa = PBXBuildFile; fileRef = 346886ED2C293BF600987708 /* ContentView.swift */; };
		346886F02C293BF700987708 /* Assets.xcassets in Resources */ = {isa = PBXBuildFile; fileRef = 346886EF2C293BF700987708 /* Assets.xcassets */; };
		346886F32C293BF700987708 /* Preview Assets.xcassets in Resources */ = {isa = PBXBuildFile; fileRef = 346886F22C293BF700987708 /* Preview Assets.xcassets */; };
		346886FA2C293C1500987708 /* Documentation.docc in Sources */ = {isa = PBXBuildFile; fileRef = 346886F92C293C1500987708 /* Documentation.docc */; };
		346887012C293CA100987708 /* APIService.swift in Sources */ = {isa = PBXBuildFile; fileRef = 346887002C293CA100987708 /* APIService.swift */; };
		346887042C293D3A00987708 /* Friends.swift in Sources */ = {isa = PBXBuildFile; fileRef = 346887022C293D3A00987708 /* Friends.swift */; };
		346887052C293D3A00987708 /* User.swift in Sources */ = {isa = PBXBuildFile; fileRef = 346887032C293D3A00987708 /* User.swift */; };
		346887692C297A5800987708 /* UserDetailView.swift in Sources */ = {isa = PBXBuildFile; fileRef = 346887682C297A5800987708 /* UserDetailView.swift */; };
/* End PBXBuildFile section */

/* Begin PBXFileReference section */
		3464B86C2C29880B00D1BB86 /* DetailItemView.swift */ = {isa = PBXFileReference; lastKnownFileType = sourcecode.swift; path = DetailItemView.swift; sourceTree = "<group>"; };
		346886E82C293BF600987708 /* 17_Milestone_project-10-12.app */ = {isa = PBXFileReference; explicitFileType = wrapper.application; includeInIndex = 0; path = "17_Milestone_project-10-12.app"; sourceTree = BUILT_PRODUCTS_DIR; };
		346886EB2C293BF600987708 /* _7_Milestone_project_10_12App.swift */ = {isa = PBXFileReference; lastKnownFileType = sourcecode.swift; path = _7_Milestone_project_10_12App.swift; sourceTree = "<group>"; };
		346886ED2C293BF600987708 /* ContentView.swift */ = {isa = PBXFileReference; lastKnownFileType = sourcecode.swift; path = ContentView.swift; sourceTree = "<group>"; };
		346886EF2C293BF700987708 /* Assets.xcassets */ = {isa = PBXFileReference; lastKnownFileType = folder.assetcatalog; path = Assets.xcassets; sourceTree = "<group>"; };
		346886F22C293BF700987708 /* Preview Assets.xcassets */ = {isa = PBXFileReference; lastKnownFileType = folder.assetcatalog; path = "Preview Assets.xcassets"; sourceTree = "<group>"; };
		346886F92C293C1500987708 /* Documentation.docc */ = {isa = PBXFileReference; lastKnownFileType = folder.documentationcatalog; path = Documentation.docc; sourceTree = "<group>"; };
		346887002C293CA100987708 /* APIService.swift */ = {isa = PBXFileReference; lastKnownFileType = sourcecode.swift; path = APIService.swift; sourceTree = "<group>"; };
		346887022C293D3A00987708 /* Friends.swift */ = {isa = PBXFileReference; fileEncoding = 4; lastKnownFileType = sourcecode.swift; path = Friends.swift; sourceTree = "<group>"; };
		346887032C293D3A00987708 /* User.swift */ = {isa = PBXFileReference; fileEncoding = 4; lastKnownFileType = sourcecode.swift; path = User.swift; sourceTree = "<group>"; };
		346887682C297A5800987708 /* UserDetailView.swift */ = {isa = PBXFileReference; lastKnownFileType = sourcecode.swift; path = UserDetailView.swift; sourceTree = "<group>"; };
/* End PBXFileReference section */

/* Begin PBXFrameworksBuildPhase section */
		346886E52C293BF600987708 /* Frameworks */ = {
			isa = PBXFrameworksBuildPhase;
			buildActionMask = 2147483647;
			files = (
			);
			runOnlyForDeploymentPostprocessing = 0;
		};
/* End PBXFrameworksBuildPhase section */

/* Begin PBXGroup section */
		346886DF2C293BF600987708 = {
			isa = PBXGroup;
			children = (
				346886F92C293C1500987708 /* Documentation.docc */,
				346886EA2C293BF600987708 /* 17_Milestone_project-10-12 */,
				346886E92C293BF600987708 /* Products */,
			);
			sourceTree = "<group>";
		};
		346886E92C293BF600987708 /* Products */ = {
			isa = PBXGroup;
			children = (
				346886E82C293BF600987708 /* 17_Milestone_project-10-12.app */,
			);
			name = Products;
			sourceTree = "<group>";
		};
		346886EA2C293BF600987708 /* 17_Milestone_project-10-12 */ = {
			isa = PBXGroup;
			children = (
				346886EB2C293BF600987708 /* _7_Milestone_project_10_12App.swift */,
				346886ED2C293BF600987708 /* ContentView.swift */,
				346887682C297A5800987708 /* UserDetailView.swift */,
				3464B86C2C29880B00D1BB86 /* DetailItemView.swift */,
				346887062C293D3D00987708 /* Models */,
				346886FB2C293C4500987708 /* Services */,
				346886EF2C293BF700987708 /* Assets.xcassets */,
				346886F12C293BF700987708 /* Preview Content */,
			);
			path = "17_Milestone_project-10-12";
			sourceTree = "<group>";
		};
		346886F12C293BF700987708 /* Preview Content */ = {
			isa = PBXGroup;
			children = (
				346886F22C293BF700987708 /* Preview Assets.xcassets */,
			);
			path = "Preview Content";
			sourceTree = "<group>";
		};
		346886FB2C293C4500987708 /* Services */ = {
			isa = PBXGroup;
			children = (
				346887002C293CA100987708 /* APIService.swift */,
			);
			path = Services;
			sourceTree = "<group>";
		};
		346887062C293D3D00987708 /* Models */ = {
			isa = PBXGroup;
			children = (
				346887022C293D3A00987708 /* Friends.swift */,
				346887032C293D3A00987708 /* User.swift */,
			);
			path = Models;
			sourceTree = "<group>";
		};
/* End PBXGroup section */

/* Begin PBXNativeTarget section */
		346886E72C293BF600987708 /* 17_Milestone_project-10-12 */ = {
			isa = PBXNativeTarget;
			buildConfigurationList = 346886F62C293BF700987708 /* Build configuration list for PBXNativeTarget "17_Milestone_project-10-12" */;
			buildPhases = (
				346886E42C293BF600987708 /* Sources */,
				346886E52C293BF600987708 /* Frameworks */,
				346886E62C293BF600987708 /* Resources */,
			);
			buildRules = (
			);
			dependencies = (
			);
			name = "17_Milestone_project-10-12";
			productName = "17_Milestone_project-10-12";
			productReference = 346886E82C293BF600987708 /* 17_Milestone_project-10-12.app */;
			productType = "com.apple.product-type.application";
		};
/* End PBXNativeTarget section */

/* Begin PBXProject section */
		346886E02C293BF600987708 /* Project object */ = {
			isa = PBXProject;
			attributes = {
				BuildIndependentTargetsInParallel = 1;
				LastSwiftUpdateCheck = 1530;
				LastUpgradeCheck = 1530;
				TargetAttributes = {
					346886E72C293BF600987708 = {
						CreatedOnToolsVersion = 15.3;
					};
				};
			};
			buildConfigurationList = 346886E32C293BF600987708 /* Build configuration list for PBXProject "17_Milestone_project-10-12" */;
			compatibilityVersion = "Xcode 14.0";
			developmentRegion = en;
			hasScannedForEncodings = 0;
			knownRegions = (
				en,
				Base,
			);
			mainGroup = 346886DF2C293BF600987708;
			productRefGroup = 346886E92C293BF600987708 /* Products */;
			projectDirPath = "";
			projectRoot = "";
			targets = (
				346886E72C293BF600987708 /* 17_Milestone_project-10-12 */,
			);
		};
/* End PBXProject section */

/* Begin PBXResourcesBuildPhase section */
		346886E62C293BF600987708 /* Resources */ = {
			isa = PBXResourcesBuildPhase;
			buildActionMask = 2147483647;
			files = (
				346886F32C293BF700987708 /* Preview Assets.xcassets in Resources */,
				346886F02C293BF700987708 /* Assets.xcassets in Resources */,
			);
			runOnlyForDeploymentPostprocessing = 0;
		};
/* End PBXResourcesBuildPhase section */

/* Begin PBXSourcesBuildPhase section */
		346886E42C293BF600987708 /* Sources */ = {
			isa = PBXSourcesBuildPhase;
			buildActionMask = 2147483647;
			files = (
				346886EE2C293BF600987708 /* ContentView.swift in Sources */,
				346886FA2C293C1500987708 /* Documentation.docc in Sources */,
				346887012C293CA100987708 /* APIService.swift in Sources */,
				346887042C293D3A00987708 /* Friends.swift in Sources */,
				3464B86D2C29880B00D1BB86 /* DetailItemView.swift in Sources */,
				346887692C297A5800987708 /* UserDetailView.swift in Sources */,
				346886EC2C293BF600987708 /* _7_Milestone_project_10_12App.swift in Sources */,
				346887052C293D3A00987708 /* User.swift in Sources */,
			);
			runOnlyForDeploymentPostprocessing = 0;
		};
/* End PBXSourcesBuildPhase section */

/* Begin XCBuildConfiguration section */
		346886F42C293BF700987708 /* Debug */ = {
			isa = XCBuildConfiguration;
			buildSettings = {
				ALWAYS_SEARCH_USER_PATHS = NO;
				ASSETCATALOG_COMPILER_GENERATE_SWIFT_ASSET_SYMBOL_EXTENSIONS = YES;
				CLANG_ANALYZER_NONNULL = YES;
				CLANG_ANALYZER_NUMBER_OBJECT_CONVERSION = YES_AGGRESSIVE;
				CLANG_CXX_LANGUAGE_STANDARD = "gnu++20";
				CLANG_ENABLE_MODULES = YES;
				CLANG_ENABLE_OBJC_ARC = YES;
				CLANG_ENABLE_OBJC_WEAK = YES;
				CLANG_WARN_BLOCK_CAPTURE_AUTORELEASING = YES;
				CLANG_WARN_BOOL_CONVERSION = YES;
				CLANG_WARN_COMMA = YES;
				CLANG_WARN_CONSTANT_CONVERSION = YES;
				CLANG_WARN_DEPRECATED_OBJC_IMPLEMENTATIONS = YES;
				CLANG_WARN_DIRECT_OBJC_ISA_USAGE = YES_ERROR;
				CLANG_WARN_DOCUMENTATION_COMMENTS = YES;
				CLANG_WARN_EMPTY_BODY = YES;
				CLANG_WARN_ENUM_CONVERSION = YES;
				CLANG_WARN_INFINITE_RECURSION = YES;
				CLANG_WARN_INT_CONVERSION = YES;
				CLANG_WARN_NON_LITERAL_NULL_CONVERSION = YES;
				CLANG_WARN_OBJC_IMPLICIT_RETAIN_SELF = YES;
				CLANG_WARN_OBJC_LITERAL_CONVERSION = YES;
				CLANG_WARN_OBJC_ROOT_CLASS = YES_ERROR;
				CLANG_WARN_QUOTED_INCLUDE_IN_FRAMEWORK_HEADER = YES;
				CLANG_WARN_RANGE_LOOP_ANALYSIS = YES;
				CLANG_WARN_STRICT_PROTOTYPES = YES;
				CLANG_WARN_SUSPICIOUS_MOVE = YES;
				CLANG_WARN_UNGUARDED_AVAILABILITY = YES_AGGRESSIVE;
				CLANG_WARN_UNREACHABLE_CODE = YES;
				CLANG_WARN__DUPLICATE_METHOD_MATCH = YES;
				COPY_PHASE_STRIP = NO;
				DEBUG_INFORMATION_FORMAT = dwarf;
				ENABLE_STRICT_OBJC_MSGSEND = YES;
				ENABLE_TESTABILITY = YES;
				ENABLE_USER_SCRIPT_SANDBOXING = YES;
				GCC_C_LANGUAGE_STANDARD = gnu17;
				GCC_DYNAMIC_NO_PIC = NO;
				GCC_NO_COMMON_BLOCKS = YES;
				GCC_OPTIMIZATION_LEVEL = 0;
				GCC_PREPROCESSOR_DEFINITIONS = (
					"DEBUG=1",
					"$(inherited)",
				);
				GCC_WARN_64_TO_32_BIT_CONVERSION = YES;
				GCC_WARN_ABOUT_RETURN_TYPE = YES_ERROR;
				GCC_WARN_UNDECLARED_SELECTOR = YES;
				GCC_WARN_UNINITIALIZED_AUTOS = YES_AGGRESSIVE;
				GCC_WARN_UNUSED_FUNCTION = YES;
				GCC_WARN_UNUSED_VARIABLE = YES;
				IPHONEOS_DEPLOYMENT_TARGET = 17.4;
				LOCALIZATION_PREFERS_STRING_CATALOGS = YES;
				MTL_ENABLE_DEBUG_INFO = INCLUDE_SOURCE;
				MTL_FAST_MATH = YES;
				ONLY_ACTIVE_ARCH = YES;
				SDKROOT = iphoneos;
				SWIFT_ACTIVE_COMPILATION_CONDITIONS = "DEBUG $(inherited)";
				SWIFT_OPTIMIZATION_LEVEL = "-Onone";
			};
			name = Debug;
		};
		346886F52C293BF700987708 /* Release */ = {
			isa = XCBuildConfiguration;
			buildSettings = {
				ALWAYS_SEARCH_USER_PATHS = NO;
				ASSETCATALOG_COMPILER_GENERATE_SWIFT_ASSET_SYMBOL_EXTENSIONS = YES;
				CLANG_ANALYZER_NONNULL = YES;
				CLANG_ANALYZER_NUMBER_OBJECT_CONVERSION = YES_AGGRESSIVE;
				CLANG_CXX_LANGUAGE_STANDARD = "gnu++20";
				CLANG_ENABLE_MODULES = YES;
				CLANG_ENABLE_OBJC_ARC = YES;
				CLANG_ENABLE_OBJC_WEAK = YES;
				CLANG_WARN_BLOCK_CAPTURE_AUTORELEASING = YES;
				CLANG_WARN_BOOL_CONVERSION = YES;
				CLANG_WARN_COMMA = YES;
				CLANG_WARN_CONSTANT_CONVERSION = YES;
				CLANG_WARN_DEPRECATED_OBJC_IMPLEMENTATIONS = YES;
				CLANG_WARN_DIRECT_OBJC_ISA_USAGE = YES_ERROR;
				CLANG_WARN_DOCUMENTATION_COMMENTS = YES;
				CLANG_WARN_EMPTY_BODY = YES;
				CLANG_WARN_ENUM_CONVERSION = YES;
				CLANG_WARN_INFINITE_RECURSION = YES;
				CLANG_WARN_INT_CONVERSION = YES;
				CLANG_WARN_NON_LITERAL_NULL_CONVERSION = YES;
				CLANG_WARN_OBJC_IMPLICIT_RETAIN_SELF = YES;
				CLANG_WARN_OBJC_LITERAL_CONVERSION = YES;
				CLANG_WARN_OBJC_ROOT_CLASS = YES_ERROR;
				CLANG_WARN_QUOTED_INCLUDE_IN_FRAMEWORK_HEADER = YES;
				CLANG_WARN_RANGE_LOOP_ANALYSIS = YES;
				CLANG_WARN_STRICT_PROTOTYPES = YES;
				CLANG_WARN_SUSPICIOUS_MOVE = YES;
				CLANG_WARN_UNGUARDED_AVAILABILITY = YES_AGGRESSIVE;
				CLANG_WARN_UNREACHABLE_CODE = YES;
				CLANG_WARN__DUPLICATE_METHOD_MATCH = YES;
				COPY_PHASE_STRIP = NO;
				DEBUG_INFORMATION_FORMAT = "dwarf-with-dsym";
				ENABLE_NS_ASSERTIONS = NO;
				ENABLE_STRICT_OBJC_MSGSEND = YES;
				ENABLE_USER_SCRIPT_SANDBOXING = YES;
				GCC_C_LANGUAGE_STANDARD = gnu17;
				GCC_NO_COMMON_BLOCKS = YES;
				GCC_WARN_64_TO_32_BIT_CONVERSION = YES;
				GCC_WARN_ABOUT_RETURN_TYPE = YES_ERROR;
				GCC_WARN_UNDECLARED_SELECTOR = YES;
				GCC_WARN_UNINITIALIZED_AUTOS = YES_AGGRESSIVE;
				GCC_WARN_UNUSED_FUNCTION = YES;
				GCC_WARN_UNUSED_VARIABLE = YES;
				IPHONEOS_DEPLOYMENT_TARGET = 17.4;
				LOCALIZATION_PREFERS_STRING_CATALOGS = YES;
				MTL_ENABLE_DEBUG_INFO = NO;
				MTL_FAST_MATH = YES;
				SDKROOT = iphoneos;
				SWIFT_COMPILATION_MODE = wholemodule;
				VALIDATE_PRODUCT = YES;
			};
			name = Release;
		};
		346886F72C293BF700987708 /* Debug */ = {
			isa = XCBuildConfiguration;
			buildSettings = {
				ASSETCATALOG_COMPILER_APPICON_NAME = AppIcon;
				ASSETCATALOG_COMPILER_GLOBAL_ACCENT_COLOR_NAME = AccentColor;
				CODE_SIGN_STYLE = Automatic;
				CURRENT_PROJECT_VERSION = 1;
				DEVELOPMENT_ASSET_PATHS = "\"17_Milestone_project-10-12/Preview Content\"";
				ENABLE_PREVIEWS = YES;
				GENERATE_INFOPLIST_FILE = YES;
				INFOPLIST_KEY_UIApplicationSceneManifest_Generation = YES;
				INFOPLIST_KEY_UIApplicationSupportsIndirectInputEvents = YES;
				INFOPLIST_KEY_UILaunchScreen_Generation = YES;
				INFOPLIST_KEY_UISupportedInterfaceOrientations_iPad = "UIInterfaceOrientationPortrait UIInterfaceOrientationPortraitUpsideDown UIInterfaceOrientationLandscapeLeft UIInterfaceOrientationLandscapeRight";
				INFOPLIST_KEY_UISupportedInterfaceOrientations_iPhone = "UIInterfaceOrientationPortrait UIInterfaceOrientationLandscapeLeft UIInterfaceOrientationLandscapeRight";
				LD_RUNPATH_SEARCH_PATHS = (
					"$(inherited)",
					"@executable_path/Frameworks",
				);
				MARKETING_VERSION = 1.0;
				PRODUCT_BUNDLE_IDENTIFIER = "com.dekideks.-7-Milestone-project-10-12";
				PRODUCT_NAME = "$(TARGET_NAME)";
				SWIFT_EMIT_LOC_STRINGS = YES;
				SWIFT_VERSION = 5.0;
				TARGETED_DEVICE_FAMILY = "1,2";
			};
			name = Debug;
		};
		346886F82C293BF700987708 /* Release */ = {
			isa = XCBuildConfiguration;
			buildSettings = {
				ASSETCATALOG_COMPILER_APPICON_NAME = AppIcon;
				ASSETCATALOG_COMPILER_GLOBAL_ACCENT_COLOR_NAME = AccentColor;
				CODE_SIGN_STYLE = Automatic;
				CURRENT_PROJECT_VERSION = 1;
				DEVELOPMENT_ASSET_PATHS = "\"17_Milestone_project-10-12/Preview Content\"";
				ENABLE_PREVIEWS = YES;
				GENERATE_INFOPLIST_FILE = YES;
				INFOPLIST_KEY_UIApplicationSceneManifest_Generation = YES;
				INFOPLIST_KEY_UIApplicationSupportsIndirectInputEvents = YES;
				INFOPLIST_KEY_UILaunchScreen_Generation = YES;
				INFOPLIST_KEY_UISupportedInterfaceOrientations_iPad = "UIInterfaceOrientationPortrait UIInterfaceOrientationPortraitUpsideDown UIInterfaceOrientationLandscapeLeft UIInterfaceOrientationLandscapeRight";
				INFOPLIST_KEY_UISupportedInterfaceOrientations_iPhone = "UIInterfaceOrientationPortrait UIInterfaceOrientationLandscapeLeft UIInterfaceOrientationLandscapeRight";
				LD_RUNPATH_SEARCH_PATHS = (
					"$(inherited)",
					"@executable_path/Frameworks",
				);
				MARKETING_VERSION = 1.0;
				PRODUCT_BUNDLE_IDENTIFIER = "com.dekideks.-7-Milestone-project-10-12";
				PRODUCT_NAME = "$(TARGET_NAME)";
				SWIFT_EMIT_LOC_STRINGS = YES;
				SWIFT_VERSION = 5.0;
				TARGETED_DEVICE_FAMILY = "1,2";
			};
			name = Release;
		};
/* End XCBuildConfiguration section */

/* Begin XCConfigurationList section */
		346886E32C293BF600987708 /* Build configuration list for PBXProject "17_Milestone_project-10-12" */ = {
			isa = XCConfigurationList;
			buildConfigurations = (
				346886F42C293BF700987708 /* Debug */,
				346886F52C293BF700987708 /* Release */,
			);
			defaultConfigurationIsVisible = 0;
			defaultConfigurationName = Release;
		};
		346886F62C293BF700987708 /* Build configuration list for PBXNativeTarget "17_Milestone_project-10-12" */ = {
			isa = XCConfigurationList;
			buildConfigurations = (
				346886F72C293BF700987708 /* Debug */,
				346886F82C293BF700987708 /* Release */,
			);
			defaultConfigurationIsVisible = 0;
			defaultConfigurationName = Release;
		};
/* End XCConfigurationList section */
	};
	rootObject = 346886E02C293BF600987708 /* Project object */;
}
