// !$*UTF8*$!
{
	archiveVersion = 1;
	classes = {
	};
	objectVersion = 77;
	objects = {

/* Begin PBXBuildFile section */
		342E39B82D291331004F7946 /* CodeScanner in Frameworks */ = {isa = PBXBuildFile; productRef = 342E39B72D291331004F7946 /* CodeScanner */; };
/* End PBXBuildFile section */

/* Begin PBXContainerItemProxy section */
		345978432D16BC3B0000221A /* PBXContainerItemProxy */ = {
			isa = PBXContainerItemProxy;
			containerPortal = 3459782A2D16BC3A0000221A /* Project object */;
			proxyType = 1;
			remoteGlobalIDString = 345978312D16BC3A0000221A;
			remoteInfo = HotProspects2;
		};
		3459784D2D16BC3B0000221A /* PBXContainerItemProxy */ = {
			isa = PBXContainerItemProxy;
			containerPortal = 3459782A2D16BC3A0000221A /* Project object */;
			proxyType = 1;
			remoteGlobalIDString = 345978312D16BC3A0000221A;
			remoteInfo = HotProspects2;
		};
/* End PBXContainerItemProxy section */

/* Begin PBXFileReference section */
		345978322D16BC3A0000221A /* HotProspects2.app */ = {isa = PBXFileReference; explicitFileType = wrapper.application; includeInIndex = 0; path = HotProspects2.app; sourceTree = BUILT_PRODUCTS_DIR; };
		345978422D16BC3B0000221A /* HotProspects2Tests.xctest */ = {isa = PBXFileReference; explicitFileType = wrapper.cfbundle; includeInIndex = 0; path = HotProspects2Tests.xctest; sourceTree = BUILT_PRODUCTS_DIR; };
		3459784C2D16BC3B0000221A /* HotProspects2UITests.xctest */ = {isa = PBXFileReference; explicitFileType = wrapper.cfbundle; includeInIndex = 0; path = HotProspects2UITests.xctest; sourceTree = BUILT_PRODUCTS_DIR; };
/* End PBXFileReference section */

/* Begin PBXFileSystemSynchronizedRootGroup section */
		345978342D16BC3A0000221A /* HotProspects2 */ = {
			isa = PBXFileSystemSynchronizedRootGroup;
			path = HotProspects2;
			sourceTree = "<group>";
		};
		345978452D16BC3B0000221A /* HotProspects2Tests */ = {
			isa = PBXFileSystemSynchronizedRootGroup;
			path = HotProspects2Tests;
			sourceTree = "<group>";
		};
		3459784F2D16BC3B0000221A /* HotProspects2UITests */ = {
			isa = PBXFileSystemSynchronizedRootGroup;
			path = HotProspects2UITests;
			sourceTree = "<group>";
		};
/* End PBXFileSystemSynchronizedRootGroup section */

/* Begin PBXFrameworksBuildPhase section */
		3459782F2D16BC3A0000221A /* Frameworks */ = {
			isa = PBXFrameworksBuildPhase;
			buildActionMask = 2147483647;
			files = (
				342E39B82D291331004F7946 /* CodeScanner in Frameworks */,
			);
			runOnlyForDeploymentPostprocessing = 0;
		};
		3459783F2D16BC3B0000221A /* Frameworks */ = {
			isa = PBXFrameworksBuildPhase;
			buildActionMask = 2147483647;
			files = (
			);
			runOnlyForDeploymentPostprocessing = 0;
		};
		345978492D16BC3B0000221A /* Frameworks */ = {
			isa = PBXFrameworksBuildPhase;
			buildActionMask = 2147483647;
			files = (
			);
			runOnlyForDeploymentPostprocessing = 0;
		};
/* End PBXFrameworksBuildPhase section */

/* Begin PBXGroup section */
		345978292D16BC3A0000221A = {
			isa = PBXGroup;
			children = (
				345978342D16BC3A0000221A /* HotProspects2 */,
				345978452D16BC3B0000221A /* HotProspects2Tests */,
				3459784F2D16BC3B0000221A /* HotProspects2UITests */,
				345978332D16BC3A0000221A /* Products */,
			);
			sourceTree = "<group>";
		};
		345978332D16BC3A0000221A /* Products */ = {
			isa = PBXGroup;
			children = (
				345978322D16BC3A0000221A /* HotProspects2.app */,
				345978422D16BC3B0000221A /* HotProspects2Tests.xctest */,
				3459784C2D16BC3B0000221A /* HotProspects2UITests.xctest */,
			);
			name = Products;
			sourceTree = "<group>";
		};
/* End PBXGroup section */

/* Begin PBXNativeTarget section */
		345978312D16BC3A0000221A /* HotProspects2 */ = {
			isa = PBXNativeTarget;
			buildConfigurationList = 345978562D16BC3B0000221A /* Build configuration list for PBXNativeTarget "HotProspects2" */;
			buildPhases = (
				3459782E2D16BC3A0000221A /* Sources */,
				3459782F2D16BC3A0000221A /* Frameworks */,
				345978302D16BC3A0000221A /* Resources */,
			);
			buildRules = (
			);
			dependencies = (
			);
			fileSystemSynchronizedGroups = (
				345978342D16BC3A0000221A /* HotProspects2 */,
			);
			name = HotProspects2;
			packageProductDependencies = (
				342E39B72D291331004F7946 /* CodeScanner */,
			);
			productName = HotProspects2;
			productReference = 345978322D16BC3A0000221A /* HotProspects2.app */;
			productType = "com.apple.product-type.application";
		};
		345978412D16BC3B0000221A /* HotProspects2Tests */ = {
			isa = PBXNativeTarget;
			buildConfigurationList = 345978592D16BC3B0000221A /* Build configuration list for PBXNativeTarget "HotProspects2Tests" */;
			buildPhases = (
				3459783E2D16BC3B0000221A /* Sources */,
				3459783F2D16BC3B0000221A /* Frameworks */,
				345978402D16BC3B0000221A /* Resources */,
			);
			buildRules = (
			);
			dependencies = (
				345978442D16BC3B0000221A /* PBXTargetDependency */,
			);
			fileSystemSynchronizedGroups = (
				345978452D16BC3B0000221A /* HotProspects2Tests */,
			);
			name = HotProspects2Tests;
			packageProductDependencies = (
			);
			productName = HotProspects2Tests;
			productReference = 345978422D16BC3B0000221A /* HotProspects2Tests.xctest */;
			productType = "com.apple.product-type.bundle.unit-test";
		};
		3459784B2D16BC3B0000221A /* HotProspects2UITests */ = {
			isa = PBXNativeTarget;
			buildConfigurationList = 3459785C2D16BC3B0000221A /* Build configuration list for PBXNativeTarget "HotProspects2UITests" */;
			buildPhases = (
				345978482D16BC3B0000221A /* Sources */,
				345978492D16BC3B0000221A /* Frameworks */,
				3459784A2D16BC3B0000221A /* Resources */,
			);
			buildRules = (
			);
			dependencies = (
				3459784E2D16BC3B0000221A /* PBXTargetDependency */,
			);
			fileSystemSynchronizedGroups = (
				3459784F2D16BC3B0000221A /* HotProspects2UITests */,
			);
			name = HotProspects2UITests;
			packageProductDependencies = (
			);
			productName = HotProspects2UITests;
			productReference = 3459784C2D16BC3B0000221A /* HotProspects2UITests.xctest */;
			productType = "com.apple.product-type.bundle.ui-testing";
		};
/* End PBXNativeTarget section */

/* Begin PBXProject section */
		3459782A2D16BC3A0000221A /* Project object */ = {
			isa = PBXProject;
			attributes = {
				BuildIndependentTargetsInParallel = 1;
				LastSwiftUpdateCheck = 1610;
				LastUpgradeCheck = 1610;
				TargetAttributes = {
					345978312D16BC3A0000221A = {
						CreatedOnToolsVersion = 16.1;
					};
					345978412D16BC3B0000221A = {
						CreatedOnToolsVersion = 16.1;
						TestTargetID = 345978312D16BC3A0000221A;
					};
					3459784B2D16BC3B0000221A = {
						CreatedOnToolsVersion = 16.1;
						TestTargetID = 345978312D16BC3A0000221A;
					};
				};
			};
			buildConfigurationList = 3459782D2D16BC3A0000221A /* Build configuration list for PBXProject "HotProspects2" */;
			developmentRegion = en;
			hasScannedForEncodings = 0;
			knownRegions = (
				en,
				Base,
			);
			mainGroup = 345978292D16BC3A0000221A;
			minimizedProjectReferenceProxies = 1;
			packageReferences = (
				342E39B62D291331004F7946 /* XCRemoteSwiftPackageReference "CodeScanner" */,
			);
			preferredProjectObjectVersion = 77;
			productRefGroup = 345978332D16BC3A0000221A /* Products */;
			projectDirPath = "";
			projectRoot = "";
			targets = (
				345978312D16BC3A0000221A /* HotProspects2 */,
				345978412D16BC3B0000221A /* HotProspects2Tests */,
				3459784B2D16BC3B0000221A /* HotProspects2UITests */,
			);
		};
/* End PBXProject section */

/* Begin PBXResourcesBuildPhase section */
		345978302D16BC3A0000221A /* Resources */ = {
			isa = PBXResourcesBuildPhase;
			buildActionMask = 2147483647;
			files = (
			);
			runOnlyForDeploymentPostprocessing = 0;
		};
		345978402D16BC3B0000221A /* Resources */ = {
			isa = PBXResourcesBuildPhase;
			buildActionMask = 2147483647;
			files = (
			);
			runOnlyForDeploymentPostprocessing = 0;
		};
		3459784A2D16BC3B0000221A /* Resources */ = {
			isa = PBXResourcesBuildPhase;
			buildActionMask = 2147483647;
			files = (
			);
			runOnlyForDeploymentPostprocessing = 0;
		};
/* End PBXResourcesBuildPhase section */

/* Begin PBXSourcesBuildPhase section */
		3459782E2D16BC3A0000221A /* Sources */ = {
			isa = PBXSourcesBuildPhase;
			buildActionMask = 2147483647;
			files = (
			);
			runOnlyForDeploymentPostprocessing = 0;
		};
		3459783E2D16BC3B0000221A /* Sources */ = {
			isa = PBXSourcesBuildPhase;
			buildActionMask = 2147483647;
			files = (
			);
			runOnlyForDeploymentPostprocessing = 0;
		};
		345978482D16BC3B0000221A /* Sources */ = {
			isa = PBXSourcesBuildPhase;
			buildActionMask = 2147483647;
			files = (
			);
			runOnlyForDeploymentPostprocessing = 0;
		};
/* End PBXSourcesBuildPhase section */

/* Begin PBXTargetDependency section */
		345978442D16BC3B0000221A /* PBXTargetDependency */ = {
			isa = PBXTargetDependency;
			target = 345978312D16BC3A0000221A /* HotProspects2 */;
			targetProxy = 345978432D16BC3B0000221A /* PBXContainerItemProxy */;
		};
		3459784E2D16BC3B0000221A /* PBXTargetDependency */ = {
			isa = PBXTargetDependency;
			target = 345978312D16BC3A0000221A /* HotProspects2 */;
			targetProxy = 3459784D2D16BC3B0000221A /* PBXContainerItemProxy */;
		};
/* End PBXTargetDependency section */

/* Begin XCBuildConfiguration section */
		345978542D16BC3B0000221A /* Debug */ = {
			isa = XCBuildConfiguration;
			buildSettings = {
				ALWAYS_SEARCH_USER_PATHS = NO;
				ASSETCATALOG_COMPILER_GENERATE_SWIFT_ASSET_SYMBOL_EXTENSIONS = YES;
				CLANG_ANALYZER_NONNULL = YES;
				CLANG_ANALYZER_NUMBER_OBJECT_CONVERSION = YES_AGGRESSIVE;
				CLANG_CXX_LANGUAGE_STANDARD = "gnu++20";
				CLANG_ENABLE_MODULES = YES;
				CLANG_ENABLE_OBJC_ARC = YES;
				CLANG_ENABLE_OBJC_WEAK = YES;
				CLANG_WARN_BLOCK_CAPTURE_AUTORELEASING = YES;
				CLANG_WARN_BOOL_CONVERSION = YES;
				CLANG_WARN_COMMA = YES;
				CLANG_WARN_CONSTANT_CONVERSION = YES;
				CLANG_WARN_DEPRECATED_OBJC_IMPLEMENTATIONS = YES;
				CLANG_WARN_DIRECT_OBJC_ISA_USAGE = YES_ERROR;
				CLANG_WARN_DOCUMENTATION_COMMENTS = YES;
				CLANG_WARN_EMPTY_BODY = YES;
				CLANG_WARN_ENUM_CONVERSION = YES;
				CLANG_WARN_INFINITE_RECURSION = YES;
				CLANG_WARN_INT_CONVERSION = YES;
				CLANG_WARN_NON_LITERAL_NULL_CONVERSION = YES;
				CLANG_WARN_OBJC_IMPLICIT_RETAIN_SELF = YES;
				CLANG_WARN_OBJC_LITERAL_CONVERSION = YES;
				CLANG_WARN_OBJC_ROOT_CLASS = YES_ERROR;
				CLANG_WARN_QUOTED_INCLUDE_IN_FRAMEWORK_HEADER = YES;
				CLANG_WARN_RANGE_LOOP_ANALYSIS = YES;
				CLANG_WARN_STRICT_PROTOTYPES = YES;
				CLANG_WARN_SUSPICIOUS_MOVE = YES;
				CLANG_WARN_UNGUARDED_AVAILABILITY = YES_AGGRESSIVE;
				CLANG_WARN_UNREACHABLE_CODE = YES;
				CLANG_WARN__DUPLICATE_METHOD_MATCH = YES;
				COPY_PHASE_STRIP = NO;
				DEBUG_INFORMATION_FORMAT = dwarf;
				ENABLE_STRICT_OBJC_MSGSEND = YES;
				ENABLE_TESTABILITY = YES;
				ENABLE_USER_SCRIPT_SANDBOXING = YES;
				GCC_C_LANGUAGE_STANDARD = gnu17;
				GCC_DYNAMIC_NO_PIC = NO;
				GCC_NO_COMMON_BLOCKS = YES;
				GCC_OPTIMIZATION_LEVEL = 0;
				GCC_PREPROCESSOR_DEFINITIONS = (
					"DEBUG=1",
					"$(inherited)",
				);
				GCC_WARN_64_TO_32_BIT_CONVERSION = YES;
				GCC_WARN_ABOUT_RETURN_TYPE = YES_ERROR;
				GCC_WARN_UNDECLARED_SELECTOR = YES;
				GCC_WARN_UNINITIALIZED_AUTOS = YES_AGGRESSIVE;
				GCC_WARN_UNUSED_FUNCTION = YES;
				GCC_WARN_UNUSED_VARIABLE = YES;
				IPHONEOS_DEPLOYMENT_TARGET = 18.1;
				LOCALIZATION_PREFERS_STRING_CATALOGS = YES;
				MTL_ENABLE_DEBUG_INFO = INCLUDE_SOURCE;
				MTL_FAST_MATH = YES;
				ONLY_ACTIVE_ARCH = YES;
				SDKROOT = iphoneos;
				SWIFT_ACTIVE_COMPILATION_CONDITIONS = "DEBUG $(inherited)";
				SWIFT_OPTIMIZATION_LEVEL = "-Onone";
			};
			name = Debug;
		};
		345978552D16BC3B0000221A /* Release */ = {
			isa = XCBuildConfiguration;
			buildSettings = {
				ALWAYS_SEARCH_USER_PATHS = NO;
				ASSETCATALOG_COMPILER_GENERATE_SWIFT_ASSET_SYMBOL_EXTENSIONS = YES;
				CLANG_ANALYZER_NONNULL = YES;
				CLANG_ANALYZER_NUMBER_OBJECT_CONVERSION = YES_AGGRESSIVE;
				CLANG_CXX_LANGUAGE_STANDARD = "gnu++20";
				CLANG_ENABLE_MODULES = YES;
				CLANG_ENABLE_OBJC_ARC = YES;
				CLANG_ENABLE_OBJC_WEAK = YES;
				CLANG_WARN_BLOCK_CAPTURE_AUTORELEASING = YES;
				CLANG_WARN_BOOL_CONVERSION = YES;
				CLANG_WARN_COMMA = YES;
				CLANG_WARN_CONSTANT_CONVERSION = YES;
				CLANG_WARN_DEPRECATED_OBJC_IMPLEMENTATIONS = YES;
				CLANG_WARN_DIRECT_OBJC_ISA_USAGE = YES_ERROR;
				CLANG_WARN_DOCUMENTATION_COMMENTS = YES;
				CLANG_WARN_EMPTY_BODY = YES;
				CLANG_WARN_ENUM_CONVERSION = YES;
				CLANG_WARN_INFINITE_RECURSION = YES;
				CLANG_WARN_INT_CONVERSION = YES;
				CLANG_WARN_NON_LITERAL_NULL_CONVERSION = YES;
				CLANG_WARN_OBJC_IMPLICIT_RETAIN_SELF = YES;
				CLANG_WARN_OBJC_LITERAL_CONVERSION = YES;
				CLANG_WARN_OBJC_ROOT_CLASS = YES_ERROR;
				CLANG_WARN_QUOTED_INCLUDE_IN_FRAMEWORK_HEADER = YES;
				CLANG_WARN_RANGE_LOOP_ANALYSIS = YES;
				CLANG_WARN_STRICT_PROTOTYPES = YES;
				CLANG_WARN_SUSPICIOUS_MOVE = YES;
				CLANG_WARN_UNGUARDED_AVAILABILITY = YES_AGGRESSIVE;
				CLANG_WARN_UNREACHABLE_CODE = YES;
				CLANG_WARN__DUPLICATE_METHOD_MATCH = YES;
				COPY_PHASE_STRIP = NO;
				DEBUG_INFORMATION_FORMAT = "dwarf-with-dsym";
				ENABLE_NS_ASSERTIONS = NO;
				ENABLE_STRICT_OBJC_MSGSEND = YES;
				ENABLE_USER_SCRIPT_SANDBOXING = YES;
				GCC_C_LANGUAGE_STANDARD = gnu17;
				GCC_NO_COMMON_BLOCKS = YES;
				GCC_WARN_64_TO_32_BIT_CONVERSION = YES;
				GCC_WARN_ABOUT_RETURN_TYPE = YES_ERROR;
				GCC_WARN_UNDECLARED_SELECTOR = YES;
				GCC_WARN_UNINITIALIZED_AUTOS = YES_AGGRESSIVE;
				GCC_WARN_UNUSED_FUNCTION = YES;
				GCC_WARN_UNUSED_VARIABLE = YES;
				IPHONEOS_DEPLOYMENT_TARGET = 18.1;
				LOCALIZATION_PREFERS_STRING_CATALOGS = YES;
				MTL_ENABLE_DEBUG_INFO = NO;
				MTL_FAST_MATH = YES;
				SDKROOT = iphoneos;
				SWIFT_COMPILATION_MODE = wholemodule;
				VALIDATE_PRODUCT = YES;
			};
			name = Release;
		};
		345978572D16BC3B0000221A /* Debug */ = {
			isa = XCBuildConfiguration;
			buildSettings = {
				ASSETCATALOG_COMPILER_APPICON_NAME = AppIcon;
				ASSETCATALOG_COMPILER_GLOBAL_ACCENT_COLOR_NAME = AccentColor;
				CODE_SIGN_STYLE = Automatic;
				CURRENT_PROJECT_VERSION = 1;
				DEVELOPMENT_ASSET_PATHS = "\"HotProspects2/Preview Content\"";
				DEVELOPMENT_TEAM = YB2QWCYR88;
				ENABLE_PREVIEWS = YES;
				GENERATE_INFOPLIST_FILE = YES;
				INFOPLIST_KEY_NSCameraUsageDescription = "We need to scan qr code";
				INFOPLIST_KEY_NSPhotoLibraryAddUsageDescription = "We need to save QR code";
				INFOPLIST_KEY_UIApplicationSceneManifest_Generation = YES;
				INFOPLIST_KEY_UIApplicationSupportsIndirectInputEvents = YES;
				INFOPLIST_KEY_UILaunchScreen_Generation = YES;
				INFOPLIST_KEY_UISupportedInterfaceOrientations_iPad = "UIInterfaceOrientationPortrait UIInterfaceOrientationPortraitUpsideDown UIInterfaceOrientationLandscapeLeft UIInterfaceOrientationLandscapeRight";
				INFOPLIST_KEY_UISupportedInterfaceOrientations_iPhone = "UIInterfaceOrientationPortrait UIInterfaceOrientationLandscapeLeft UIInterfaceOrientationLandscapeRight";
				LD_RUNPATH_SEARCH_PATHS = (
					"$(inherited)",
					"@executable_path/Frameworks",
				);
				MARKETING_VERSION = 1.0;
				PRODUCT_BUNDLE_IDENTIFIER = com.dekideks.100DaysSwiftUI.HotProspects2;
				PRODUCT_NAME = "$(TARGET_NAME)";
				SWIFT_EMIT_LOC_STRINGS = YES;
				SWIFT_VERSION = 5.0;
				TARGETED_DEVICE_FAMILY = "1,2";
			};
			name = Debug;
		};
		345978582D16BC3B0000221A /* Release */ = {
			isa = XCBuildConfiguration;
			buildSettings = {
				ASSETCATALOG_COMPILER_APPICON_NAME = AppIcon;
				ASSETCATALOG_COMPILER_GLOBAL_ACCENT_COLOR_NAME = AccentColor;
				CODE_SIGN_STYLE = Automatic;
				CURRENT_PROJECT_VERSION = 1;
				DEVELOPMENT_ASSET_PATHS = "\"HotProspects2/Preview Content\"";
				DEVELOPMENT_TEAM = YB2QWCYR88;
				ENABLE_PREVIEWS = YES;
				GENERATE_INFOPLIST_FILE = YES;
				INFOPLIST_KEY_NSCameraUsageDescription = "We need to scan qr code";
				INFOPLIST_KEY_NSPhotoLibraryAddUsageDescription = "We need to save QR code";
				INFOPLIST_KEY_UIApplicationSceneManifest_Generation = YES;
				INFOPLIST_KEY_UIApplicationSupportsIndirectInputEvents = YES;
				INFOPLIST_KEY_UILaunchScreen_Generation = YES;
				INFOPLIST_KEY_UISupportedInterfaceOrientations_iPad = "UIInterfaceOrientationPortrait UIInterfaceOrientationPortraitUpsideDown UIInterfaceOrientationLandscapeLeft UIInterfaceOrientationLandscapeRight";
				INFOPLIST_KEY_UISupportedInterfaceOrientations_iPhone = "UIInterfaceOrientationPortrait UIInterfaceOrientationLandscapeLeft UIInterfaceOrientationLandscapeRight";
				LD_RUNPATH_SEARCH_PATHS = (
					"$(inherited)",
					"@executable_path/Frameworks",
				);
				MARKETING_VERSION = 1.0;
				PRODUCT_BUNDLE_IDENTIFIER = com.dekideks.100DaysSwiftUI.HotProspects2;
				PRODUCT_NAME = "$(TARGET_NAME)";
				SWIFT_EMIT_LOC_STRINGS = YES;
				SWIFT_VERSION = 5.0;
				TARGETED_DEVICE_FAMILY = "1,2";
			};
			name = Release;
		};
		3459785A2D16BC3B0000221A /* Debug */ = {
			isa = XCBuildConfiguration;
			buildSettings = {
				BUNDLE_LOADER = "$(TEST_HOST)";
				CODE_SIGN_STYLE = Automatic;
				CURRENT_PROJECT_VERSION = 1;
				DEVELOPMENT_TEAM = YB2QWCYR88;
				GENERATE_INFOPLIST_FILE = YES;
				IPHONEOS_DEPLOYMENT_TARGET = 18.1;
				MARKETING_VERSION = 1.0;
				PRODUCT_BUNDLE_IDENTIFIER = com.dekideks.100DaysSwiftUI.HotProspects2Tests;
				PRODUCT_NAME = "$(TARGET_NAME)";
				SWIFT_EMIT_LOC_STRINGS = NO;
				SWIFT_VERSION = 5.0;
				TARGETED_DEVICE_FAMILY = "1,2";
				TEST_HOST = "$(BUILT_PRODUCTS_DIR)/HotProspects2.app/$(BUNDLE_EXECUTABLE_FOLDER_PATH)/HotProspects2";
			};
			name = Debug;
		};
		3459785B2D16BC3B0000221A /* Release */ = {
			isa = XCBuildConfiguration;
			buildSettings = {
				BUNDLE_LOADER = "$(TEST_HOST)";
				CODE_SIGN_STYLE = Automatic;
				CURRENT_PROJECT_VERSION = 1;
				DEVELOPMENT_TEAM = YB2QWCYR88;
				GENERATE_INFOPLIST_FILE = YES;
				IPHONEOS_DEPLOYMENT_TARGET = 18.1;
				MARKETING_VERSION = 1.0;
				PRODUCT_BUNDLE_IDENTIFIER = com.dekideks.100DaysSwiftUI.HotProspects2Tests;
				PRODUCT_NAME = "$(TARGET_NAME)";
				SWIFT_EMIT_LOC_STRINGS = NO;
				SWIFT_VERSION = 5.0;
				TARGETED_DEVICE_FAMILY = "1,2";
				TEST_HOST = "$(BUILT_PRODUCTS_DIR)/HotProspects2.app/$(BUNDLE_EXECUTABLE_FOLDER_PATH)/HotProspects2";
			};
			name = Release;
		};
		3459785D2D16BC3B0000221A /* Debug */ = {
			isa = XCBuildConfiguration;
			buildSettings = {
				CODE_SIGN_STYLE = Automatic;
				CURRENT_PROJECT_VERSION = 1;
				DEVELOPMENT_TEAM = YB2QWCYR88;
				GENERATE_INFOPLIST_FILE = YES;
				MARKETING_VERSION = 1.0;
				PRODUCT_BUNDLE_IDENTIFIER = com.dekideks.100DaysSwiftUI.HotProspects2UITests;
				PRODUCT_NAME = "$(TARGET_NAME)";
				SWIFT_EMIT_LOC_STRINGS = NO;
				SWIFT_VERSION = 5.0;
				TARGETED_DEVICE_FAMILY = "1,2";
				TEST_TARGET_NAME = HotProspects2;
			};
			name = Debug;
		};
		3459785E2D16BC3B0000221A /* Release */ = {
			isa = XCBuildConfiguration;
			buildSettings = {
				CODE_SIGN_STYLE = Automatic;
				CURRENT_PROJECT_VERSION = 1;
				DEVELOPMENT_TEAM = YB2QWCYR88;
				GENERATE_INFOPLIST_FILE = YES;
				MARKETING_VERSION = 1.0;
				PRODUCT_BUNDLE_IDENTIFIER = com.dekideks.100DaysSwiftUI.HotProspects2UITests;
				PRODUCT_NAME = "$(TARGET_NAME)";
				SWIFT_EMIT_LOC_STRINGS = NO;
				SWIFT_VERSION = 5.0;
				TARGETED_DEVICE_FAMILY = "1,2";
				TEST_TARGET_NAME = HotProspects2;
			};
			name = Release;
		};
/* End XCBuildConfiguration section */

/* Begin XCConfigurationList section */
		3459782D2D16BC3A0000221A /* Build configuration list for PBXProject "HotProspects2" */ = {
			isa = XCConfigurationList;
			buildConfigurations = (
				345978542D16BC3B0000221A /* Debug */,
				345978552D16BC3B0000221A /* Release */,
			);
			defaultConfigurationIsVisible = 0;
			defaultConfigurationName = Release;
		};
		345978562D16BC3B0000221A /* Build configuration list for PBXNativeTarget "HotProspects2" */ = {
			isa = XCConfigurationList;
			buildConfigurations = (
				345978572D16BC3B0000221A /* Debug */,
				345978582D16BC3B0000221A /* Release */,
			);
			defaultConfigurationIsVisible = 0;
			defaultConfigurationName = Release;
		};
		345978592D16BC3B0000221A /* Build configuration list for PBXNativeTarget "HotProspects2Tests" */ = {
			isa = XCConfigurationList;
			buildConfigurations = (
				3459785A2D16BC3B0000221A /* Debug */,
				3459785B2D16BC3B0000221A /* Release */,
			);
			defaultConfigurationIsVisible = 0;
			defaultConfigurationName = Release;
		};
		3459785C2D16BC3B0000221A /* Build configuration list for PBXNativeTarget "HotProspects2UITests" */ = {
			isa = XCConfigurationList;
			buildConfigurations = (
				3459785D2D16BC3B0000221A /* Debug */,
				3459785E2D16BC3B0000221A /* Release */,
			);
			defaultConfigurationIsVisible = 0;
			defaultConfigurationName = Release;
		};
/* End XCConfigurationList section */

/* Begin XCRemoteSwiftPackageReference section */
		342E39B62D291331004F7946 /* XCRemoteSwiftPackageReference "CodeScanner" */ = {
			isa = XCRemoteSwiftPackageReference;
			repositoryURL = "https://github.com/twostraws/CodeScanner";
			requirement = {
				kind = upToNextMajorVersion;
				minimumVersion = 2.5.2;
			};
		};
/* End XCRemoteSwiftPackageReference section */

/* Begin XCSwiftPackageProductDependency section */
		342E39B72D291331004F7946 /* CodeScanner */ = {
			isa = XCSwiftPackageProductDependency;
			package = 342E39B62D291331004F7946 /* XCRemoteSwiftPackageReference "CodeScanner" */;
			productName = CodeScanner;
		};
/* End XCSwiftPackageProductDependency section */
	};
	rootObject = 3459782A2D16BC3A0000221A /* Project object */;
}
