// !$*UTF8*$!
{
	archiveVersion = 1;
	classes = {
	};
	objectVersion = 77;
	objects = {

/* Begin PBXContainerItemProxy section */
		3440CAB92D2E6C4B00F23B2C /* PBXContainerItemProxy */ = {
			isa = PBXContainerItemProxy;
			containerPortal = 3440CAA02D2E6C4A00F23B2C /* Project object */;
			proxyType = 1;
			remoteGlobalIDString = 3440CAA72D2E6C4A00F23B2C;
			remoteInfo = FlashZilla2;
		};
		3440CAC32D2E6C4B00F23B2C /* PBXContainerItemProxy */ = {
			isa = PBXContainerItemProxy;
			containerPortal = 3440CAA02D2E6C4A00F23B2C /* Project object */;
			proxyType = 1;
			remoteGlobalIDString = 3440CAA72D2E6C4A00F23B2C;
			remoteInfo = FlashZilla2;
		};
/* End PBXContainerItemProxy section */

/* Begin PBXFileReference section */
		3440CAA82D2E6C4A00F23B2C /* FlashZilla2.app */ = {isa = PBXFileReference; explicitFileType = wrapper.application; includeInIndex = 0; path = FlashZilla2.app; sourceTree = BUILT_PRODUCTS_DIR; };
		3440CAB82D2E6C4B00F23B2C /* FlashZilla2Tests.xctest */ = {isa = PBXFileReference; explicitFileType = wrapper.cfbundle; includeInIndex = 0; path = FlashZilla2Tests.xctest; sourceTree = BUILT_PRODUCTS_DIR; };
		3440CAC22D2E6C4B00F23B2C /* FlashZilla2UITests.xctest */ = {isa = PBXFileReference; explicitFileType = wrapper.cfbundle; includeInIndex = 0; path = FlashZilla2UITests.xctest; sourceTree = BUILT_PRODUCTS_DIR; };
/* End PBXFileReference section */

/* Begin PBXFileSystemSynchronizedRootGroup section */
		3440CAAA2D2E6C4A00F23B2C /* FlashZilla2 */ = {
			isa = PBXFileSystemSynchronizedRootGroup;
			path = FlashZilla2;
			sourceTree = "<group>";
		};
		3440CABB2D2E6C4B00F23B2C /* FlashZilla2Tests */ = {
			isa = PBXFileSystemSynchronizedRootGroup;
			path = FlashZilla2Tests;
			sourceTree = "<group>";
		};
		3440CAC52D2E6C4B00F23B2C /* FlashZilla2UITests */ = {
			isa = PBXFileSystemSynchronizedRootGroup;
			path = FlashZilla2UITests;
			sourceTree = "<group>";
		};
/* End PBXFileSystemSynchronizedRootGroup section */

/* Begin PBXFrameworksBuildPhase section */
		3440CAA52D2E6C4A00F23B2C /* Frameworks */ = {
			isa = PBXFrameworksBuildPhase;
			buildActionMask = 2147483647;
			files = (
			);
			runOnlyForDeploymentPostprocessing = 0;
		};
		3440CAB52D2E6C4B00F23B2C /* Frameworks */ = {
			isa = PBXFrameworksBuildPhase;
			buildActionMask = 2147483647;
			files = (
			);
			runOnlyForDeploymentPostprocessing = 0;
		};
		3440CABF2D2E6C4B00F23B2C /* Frameworks */ = {
			isa = PBXFrameworksBuildPhase;
			buildActionMask = 2147483647;
			files = (
			);
			runOnlyForDeploymentPostprocessing = 0;
		};
/* End PBXFrameworksBuildPhase section */

/* Begin PBXGroup section */
		3440CA9F2D2E6C4A00F23B2C = {
			isa = PBXGroup;
			children = (
				3440CAAA2D2E6C4A00F23B2C /* FlashZilla2 */,
				3440CABB2D2E6C4B00F23B2C /* FlashZilla2Tests */,
				3440CAC52D2E6C4B00F23B2C /* FlashZilla2UITests */,
				3440CAA92D2E6C4A00F23B2C /* Products */,
			);
			sourceTree = "<group>";
		};
		3440CAA92D2E6C4A00F23B2C /* Products */ = {
			isa = PBXGroup;
			children = (
				3440CAA82D2E6C4A00F23B2C /* FlashZilla2.app */,
				3440CAB82D2E6C4B00F23B2C /* FlashZilla2Tests.xctest */,
				3440CAC22D2E6C4B00F23B2C /* FlashZilla2UITests.xctest */,
			);
			name = Products;
			sourceTree = "<group>";
		};
/* End PBXGroup section */

/* Begin PBXNativeTarget section */
		3440CAA72D2E6C4A00F23B2C /* FlashZilla2 */ = {
			isa = PBXNativeTarget;
			buildConfigurationList = 3440CACC2D2E6C4B00F23B2C /* Build configuration list for PBXNativeTarget "FlashZilla2" */;
			buildPhases = (
				3440CAA42D2E6C4A00F23B2C /* Sources */,
				3440CAA52D2E6C4A00F23B2C /* Frameworks */,
				3440CAA62D2E6C4A00F23B2C /* Resources */,
			);
			buildRules = (
			);
			dependencies = (
			);
			fileSystemSynchronizedGroups = (
				3440CAAA2D2E6C4A00F23B2C /* FlashZilla2 */,
			);
			name = FlashZilla2;
			packageProductDependencies = (
			);
			productName = FlashZilla2;
			productReference = 3440CAA82D2E6C4A00F23B2C /* FlashZilla2.app */;
			productType = "com.apple.product-type.application";
		};
		3440CAB72D2E6C4B00F23B2C /* FlashZilla2Tests */ = {
			isa = PBXNativeTarget;
			buildConfigurationList = 3440CACF2D2E6C4B00F23B2C /* Build configuration list for PBXNativeTarget "FlashZilla2Tests" */;
			buildPhases = (
				3440CAB42D2E6C4B00F23B2C /* Sources */,
				3440CAB52D2E6C4B00F23B2C /* Frameworks */,
				3440CAB62D2E6C4B00F23B2C /* Resources */,
			);
			buildRules = (
			);
			dependencies = (
				3440CABA2D2E6C4B00F23B2C /* PBXTargetDependency */,
			);
			fileSystemSynchronizedGroups = (
				3440CABB2D2E6C4B00F23B2C /* FlashZilla2Tests */,
			);
			name = FlashZilla2Tests;
			packageProductDependencies = (
			);
			productName = FlashZilla2Tests;
			productReference = 3440CAB82D2E6C4B00F23B2C /* FlashZilla2Tests.xctest */;
			productType = "com.apple.product-type.bundle.unit-test";
		};
		3440CAC12D2E6C4B00F23B2C /* FlashZilla2UITests */ = {
			isa = PBXNativeTarget;
			buildConfigurationList = 3440CAD22D2E6C4B00F23B2C /* Build configuration list for PBXNativeTarget "FlashZilla2UITests" */;
			buildPhases = (
				3440CABE2D2E6C4B00F23B2C /* Sources */,
				3440CABF2D2E6C4B00F23B2C /* Frameworks */,
				3440CAC02D2E6C4B00F23B2C /* Resources */,
			);
			buildRules = (
			);
			dependencies = (
				3440CAC42D2E6C4B00F23B2C /* PBXTargetDependency */,
			);
			fileSystemSynchronizedGroups = (
				3440CAC52D2E6C4B00F23B2C /* FlashZilla2UITests */,
			);
			name = FlashZilla2UITests;
			packageProductDependencies = (
			);
			productName = FlashZilla2UITests;
			productReference = 3440CAC22D2E6C4B00F23B2C /* FlashZilla2UITests.xctest */;
			productType = "com.apple.product-type.bundle.ui-testing";
		};
/* End PBXNativeTarget section */

/* Begin PBXProject section */
		3440CAA02D2E6C4A00F23B2C /* Project object */ = {
			isa = PBXProject;
			attributes = {
				BuildIndependentTargetsInParallel = 1;
				LastSwiftUpdateCheck = 1620;
				LastUpgradeCheck = 1620;
				TargetAttributes = {
					3440CAA72D2E6C4A00F23B2C = {
						CreatedOnToolsVersion = 16.2;
					};
					3440CAB72D2E6C4B00F23B2C = {
						CreatedOnToolsVersion = 16.2;
						TestTargetID = 3440CAA72D2E6C4A00F23B2C;
					};
					3440CAC12D2E6C4B00F23B2C = {
						CreatedOnToolsVersion = 16.2;
						TestTargetID = 3440CAA72D2E6C4A00F23B2C;
					};
				};
			};
			buildConfigurationList = 3440CAA32D2E6C4A00F23B2C /* Build configuration list for PBXProject "FlashZilla2" */;
			developmentRegion = en;
			hasScannedForEncodings = 0;
			knownRegions = (
				en,
				Base,
			);
			mainGroup = 3440CA9F2D2E6C4A00F23B2C;
			minimizedProjectReferenceProxies = 1;
			preferredProjectObjectVersion = 77;
			productRefGroup = 3440CAA92D2E6C4A00F23B2C /* Products */;
			projectDirPath = "";
			projectRoot = "";
			targets = (
				3440CAA72D2E6C4A00F23B2C /* FlashZilla2 */,
				3440CAB72D2E6C4B00F23B2C /* FlashZilla2Tests */,
				3440CAC12D2E6C4B00F23B2C /* FlashZilla2UITests */,
			);
		};
/* End PBXProject section */

/* Begin PBXResourcesBuildPhase section */
		3440CAA62D2E6C4A00F23B2C /* Resources */ = {
			isa = PBXResourcesBuildPhase;
			buildActionMask = 2147483647;
			files = (
			);
			runOnlyForDeploymentPostprocessing = 0;
		};
		3440CAB62D2E6C4B00F23B2C /* Resources */ = {
			isa = PBXResourcesBuildPhase;
			buildActionMask = 2147483647;
			files = (
			);
			runOnlyForDeploymentPostprocessing = 0;
		};
		3440CAC02D2E6C4B00F23B2C /* Resources */ = {
			isa = PBXResourcesBuildPhase;
			buildActionMask = 2147483647;
			files = (
			);
			runOnlyForDeploymentPostprocessing = 0;
		};
/* End PBXResourcesBuildPhase section */

/* Begin PBXSourcesBuildPhase section */
		3440CAA42D2E6C4A00F23B2C /* Sources */ = {
			isa = PBXSourcesBuildPhase;
			buildActionMask = 2147483647;
			files = (
			);
			runOnlyForDeploymentPostprocessing = 0;
		};
		3440CAB42D2E6C4B00F23B2C /* Sources */ = {
			isa = PBXSourcesBuildPhase;
			buildActionMask = 2147483647;
			files = (
			);
			runOnlyForDeploymentPostprocessing = 0;
		};
		3440CABE2D2E6C4B00F23B2C /* Sources */ = {
			isa = PBXSourcesBuildPhase;
			buildActionMask = 2147483647;
			files = (
			);
			runOnlyForDeploymentPostprocessing = 0;
		};
/* End PBXSourcesBuildPhase section */

/* Begin PBXTargetDependency section */
		3440CABA2D2E6C4B00F23B2C /* PBXTargetDependency */ = {
			isa = PBXTargetDependency;
			target = 3440CAA72D2E6C4A00F23B2C /* FlashZilla2 */;
			targetProxy = 3440CAB92D2E6C4B00F23B2C /* PBXContainerItemProxy */;
		};
		3440CAC42D2E6C4B00F23B2C /* PBXTargetDependency */ = {
			isa = PBXTargetDependency;
			target = 3440CAA72D2E6C4A00F23B2C /* FlashZilla2 */;
			targetProxy = 3440CAC32D2E6C4B00F23B2C /* PBXContainerItemProxy */;
		};
/* End PBXTargetDependency section */

/* Begin XCBuildConfiguration section */
		3440CACA2D2E6C4B00F23B2C /* Debug */ = {
			isa = XCBuildConfiguration;
			buildSettings = {
				ALWAYS_SEARCH_USER_PATHS = NO;
				ASSETCATALOG_COMPILER_GENERATE_SWIFT_ASSET_SYMBOL_EXTENSIONS = YES;
				CLANG_ANALYZER_NONNULL = YES;
				CLANG_ANALYZER_NUMBER_OBJECT_CONVERSION = YES_AGGRESSIVE;
				CLANG_CXX_LANGUAGE_STANDARD = "gnu++20";
				CLANG_ENABLE_MODULES = YES;
				CLANG_ENABLE_OBJC_ARC = YES;
				CLANG_ENABLE_OBJC_WEAK = YES;
				CLANG_WARN_BLOCK_CAPTURE_AUTORELEASING = YES;
				CLANG_WARN_BOOL_CONVERSION = YES;
				CLANG_WARN_COMMA = YES;
				CLANG_WARN_CONSTANT_CONVERSION = YES;
				CLANG_WARN_DEPRECATED_OBJC_IMPLEMENTATIONS = YES;
				CLANG_WARN_DIRECT_OBJC_ISA_USAGE = YES_ERROR;
				CLANG_WARN_DOCUMENTATION_COMMENTS = YES;
				CLANG_WARN_EMPTY_BODY = YES;
				CLANG_WARN_ENUM_CONVERSION = YES;
				CLANG_WARN_INFINITE_RECURSION = YES;
				CLANG_WARN_INT_CONVERSION = YES;
				CLANG_WARN_NON_LITERAL_NULL_CONVERSION = YES;
				CLANG_WARN_OBJC_IMPLICIT_RETAIN_SELF = YES;
				CLANG_WARN_OBJC_LITERAL_CONVERSION = YES;
				CLANG_WARN_OBJC_ROOT_CLASS = YES_ERROR;
				CLANG_WARN_QUOTED_INCLUDE_IN_FRAMEWORK_HEADER = YES;
				CLANG_WARN_RANGE_LOOP_ANALYSIS = YES;
				CLANG_WARN_STRICT_PROTOTYPES = YES;
				CLANG_WARN_SUSPICIOUS_MOVE = YES;
				CLANG_WARN_UNGUARDED_AVAILABILITY = YES_AGGRESSIVE;
				CLANG_WARN_UNREACHABLE_CODE = YES;
				CLANG_WARN__DUPLICATE_METHOD_MATCH = YES;
				COPY_PHASE_STRIP = NO;
				DEBUG_INFORMATION_FORMAT = dwarf;
				ENABLE_STRICT_OBJC_MSGSEND = YES;
				ENABLE_TESTABILITY = YES;
				ENABLE_USER_SCRIPT_SANDBOXING = YES;
				GCC_C_LANGUAGE_STANDARD = gnu17;
				GCC_DYNAMIC_NO_PIC = NO;
				GCC_NO_COMMON_BLOCKS = YES;
				GCC_OPTIMIZATION_LEVEL = 0;
				GCC_PREPROCESSOR_DEFINITIONS = (
					"DEBUG=1",
					"$(inherited)",
				);
				GCC_WARN_64_TO_32_BIT_CONVERSION = YES;
				GCC_WARN_ABOUT_RETURN_TYPE = YES_ERROR;
				GCC_WARN_UNDECLARED_SELECTOR = YES;
				GCC_WARN_UNINITIALIZED_AUTOS = YES_AGGRESSIVE;
				GCC_WARN_UNUSED_FUNCTION = YES;
				GCC_WARN_UNUSED_VARIABLE = YES;
				IPHONEOS_DEPLOYMENT_TARGET = 18.2;
				LOCALIZATION_PREFERS_STRING_CATALOGS = YES;
				MTL_ENABLE_DEBUG_INFO = INCLUDE_SOURCE;
				MTL_FAST_MATH = YES;
				ONLY_ACTIVE_ARCH = YES;
				SDKROOT = iphoneos;
				SWIFT_ACTIVE_COMPILATION_CONDITIONS = "DEBUG $(inherited)";
				SWIFT_OPTIMIZATION_LEVEL = "-Onone";
			};
			name = Debug;
		};
		3440CACB2D2E6C4B00F23B2C /* Release */ = {
			isa = XCBuildConfiguration;
			buildSettings = {
				ALWAYS_SEARCH_USER_PATHS = NO;
				ASSETCATALOG_COMPILER_GENERATE_SWIFT_ASSET_SYMBOL_EXTENSIONS = YES;
				CLANG_ANALYZER_NONNULL = YES;
				CLANG_ANALYZER_NUMBER_OBJECT_CONVERSION = YES_AGGRESSIVE;
				CLANG_CXX_LANGUAGE_STANDARD = "gnu++20";
				CLANG_ENABLE_MODULES = YES;
				CLANG_ENABLE_OBJC_ARC = YES;
				CLANG_ENABLE_OBJC_WEAK = YES;
				CLANG_WARN_BLOCK_CAPTURE_AUTORELEASING = YES;
				CLANG_WARN_BOOL_CONVERSION = YES;
				CLANG_WARN_COMMA = YES;
				CLANG_WARN_CONSTANT_CONVERSION = YES;
				CLANG_WARN_DEPRECATED_OBJC_IMPLEMENTATIONS = YES;
				CLANG_WARN_DIRECT_OBJC_ISA_USAGE = YES_ERROR;
				CLANG_WARN_DOCUMENTATION_COMMENTS = YES;
				CLANG_WARN_EMPTY_BODY = YES;
				CLANG_WARN_ENUM_CONVERSION = YES;
				CLANG_WARN_INFINITE_RECURSION = YES;
				CLANG_WARN_INT_CONVERSION = YES;
				CLANG_WARN_NON_LITERAL_NULL_CONVERSION = YES;
				CLANG_WARN_OBJC_IMPLICIT_RETAIN_SELF = YES;
				CLANG_WARN_OBJC_LITERAL_CONVERSION = YES;
				CLANG_WARN_OBJC_ROOT_CLASS = YES_ERROR;
				CLANG_WARN_QUOTED_INCLUDE_IN_FRAMEWORK_HEADER = YES;
				CLANG_WARN_RANGE_LOOP_ANALYSIS = YES;
				CLANG_WARN_STRICT_PROTOTYPES = YES;
				CLANG_WARN_SUSPICIOUS_MOVE = YES;
				CLANG_WARN_UNGUARDED_AVAILABILITY = YES_AGGRESSIVE;
				CLANG_WARN_UNREACHABLE_CODE = YES;
				CLANG_WARN__DUPLICATE_METHOD_MATCH = YES;
				COPY_PHASE_STRIP = NO;
				DEBUG_INFORMATION_FORMAT = "dwarf-with-dsym";
				ENABLE_NS_ASSERTIONS = NO;
				ENABLE_STRICT_OBJC_MSGSEND = YES;
				ENABLE_USER_SCRIPT_SANDBOXING = YES;
				GCC_C_LANGUAGE_STANDARD = gnu17;
				GCC_NO_COMMON_BLOCKS = YES;
				GCC_WARN_64_TO_32_BIT_CONVERSION = YES;
				GCC_WARN_ABOUT_RETURN_TYPE = YES_ERROR;
				GCC_WARN_UNDECLARED_SELECTOR = YES;
				GCC_WARN_UNINITIALIZED_AUTOS = YES_AGGRESSIVE;
				GCC_WARN_UNUSED_FUNCTION = YES;
				GCC_WARN_UNUSED_VARIABLE = YES;
				IPHONEOS_DEPLOYMENT_TARGET = 18.2;
				LOCALIZATION_PREFERS_STRING_CATALOGS = YES;
				MTL_ENABLE_DEBUG_INFO = NO;
				MTL_FAST_MATH = YES;
				SDKROOT = iphoneos;
				SWIFT_COMPILATION_MODE = wholemodule;
				VALIDATE_PRODUCT = YES;
			};
			name = Release;
		};
		3440CACD2D2E6C4B00F23B2C /* Debug */ = {
			isa = XCBuildConfiguration;
			buildSettings = {
				ASSETCATALOG_COMPILER_APPICON_NAME = AppIcon;
				ASSETCATALOG_COMPILER_GLOBAL_ACCENT_COLOR_NAME = AccentColor;
				CODE_SIGN_STYLE = Automatic;
				CURRENT_PROJECT_VERSION = 1;
				DEVELOPMENT_ASSET_PATHS = "\"FlashZilla2/Preview Content\"";
				ENABLE_PREVIEWS = YES;
				GENERATE_INFOPLIST_FILE = YES;
				INFOPLIST_KEY_UIApplicationSceneManifest_Generation = YES;
				INFOPLIST_KEY_UIApplicationSupportsIndirectInputEvents = YES;
				INFOPLIST_KEY_UILaunchScreen_Generation = YES;
				INFOPLIST_KEY_UISupportedInterfaceOrientations = "UIInterfaceOrientationLandscapeLeft UIInterfaceOrientationLandscapeRight";
				INFOPLIST_KEY_UISupportedInterfaceOrientations_iPad = "UIInterfaceOrientationLandscapeLeft UIInterfaceOrientationLandscapeRight UIInterfaceOrientationPortrait UIInterfaceOrientationPortraitUpsideDown";
				LD_RUNPATH_SEARCH_PATHS = (
					"$(inherited)",
					"@executable_path/Frameworks",
				);
				MARKETING_VERSION = 1.0;
				PRODUCT_BUNDLE_IDENTIFIER = com.dekideks.100DaysSwiftUI.FlashZilla2;
				PRODUCT_NAME = "$(TARGET_NAME)";
				SWIFT_EMIT_LOC_STRINGS = YES;
				SWIFT_VERSION = 5.0;
				TARGETED_DEVICE_FAMILY = "1,2";
			};
			name = Debug;
		};
		3440CACE2D2E6C4B00F23B2C /* Release */ = {
			isa = XCBuildConfiguration;
			buildSettings = {
				ASSETCATALOG_COMPILER_APPICON_NAME = AppIcon;
				ASSETCATALOG_COMPILER_GLOBAL_ACCENT_COLOR_NAME = AccentColor;
				CODE_SIGN_STYLE = Automatic;
				CURRENT_PROJECT_VERSION = 1;
				DEVELOPMENT_ASSET_PATHS = "\"FlashZilla2/Preview Content\"";
				ENABLE_PREVIEWS = YES;
				GENERATE_INFOPLIST_FILE = YES;
				INFOPLIST_KEY_UIApplicationSceneManifest_Generation = YES;
				INFOPLIST_KEY_UIApplicationSupportsIndirectInputEvents = YES;
				INFOPLIST_KEY_UILaunchScreen_Generation = YES;
				INFOPLIST_KEY_UISupportedInterfaceOrientations = "UIInterfaceOrientationLandscapeLeft UIInterfaceOrientationLandscapeRight";
				INFOPLIST_KEY_UISupportedInterfaceOrientations_iPad = "UIInterfaceOrientationLandscapeLeft UIInterfaceOrientationLandscapeRight UIInterfaceOrientationPortrait UIInterfaceOrientationPortraitUpsideDown";
				LD_RUNPATH_SEARCH_PATHS = (
					"$(inherited)",
					"@executable_path/Frameworks",
				);
				MARKETING_VERSION = 1.0;
				PRODUCT_BUNDLE_IDENTIFIER = com.dekideks.100DaysSwiftUI.FlashZilla2;
				PRODUCT_NAME = "$(TARGET_NAME)";
				SWIFT_EMIT_LOC_STRINGS = YES;
				SWIFT_VERSION = 5.0;
				TARGETED_DEVICE_FAMILY = "1,2";
			};
			name = Release;
		};
		3440CAD02D2E6C4B00F23B2C /* Debug */ = {
			isa = XCBuildConfiguration;
			buildSettings = {
				BUNDLE_LOADER = "$(TEST_HOST)";
				CODE_SIGN_STYLE = Automatic;
				CURRENT_PROJECT_VERSION = 1;
				GENERATE_INFOPLIST_FILE = YES;
				IPHONEOS_DEPLOYMENT_TARGET = 18.2;
				MARKETING_VERSION = 1.0;
				PRODUCT_BUNDLE_IDENTIFIER = com.dekideks.100DaysSwiftUI.FlashZilla2Tests;
				PRODUCT_NAME = "$(TARGET_NAME)";
				SWIFT_EMIT_LOC_STRINGS = NO;
				SWIFT_VERSION = 5.0;
				TARGETED_DEVICE_FAMILY = "1,2";
				TEST_HOST = "$(BUILT_PRODUCTS_DIR)/FlashZilla2.app/$(BUNDLE_EXECUTABLE_FOLDER_PATH)/FlashZilla2";
			};
			name = Debug;
		};
		3440CAD12D2E6C4B00F23B2C /* Release */ = {
			isa = XCBuildConfiguration;
			buildSettings = {
				BUNDLE_LOADER = "$(TEST_HOST)";
				CODE_SIGN_STYLE = Automatic;
				CURRENT_PROJECT_VERSION = 1;
				GENERATE_INFOPLIST_FILE = YES;
				IPHONEOS_DEPLOYMENT_TARGET = 18.2;
				MARKETING_VERSION = 1.0;
				PRODUCT_BUNDLE_IDENTIFIER = com.dekideks.100DaysSwiftUI.FlashZilla2Tests;
				PRODUCT_NAME = "$(TARGET_NAME)";
				SWIFT_EMIT_LOC_STRINGS = NO;
				SWIFT_VERSION = 5.0;
				TARGETED_DEVICE_FAMILY = "1,2";
				TEST_HOST = "$(BUILT_PRODUCTS_DIR)/FlashZilla2.app/$(BUNDLE_EXECUTABLE_FOLDER_PATH)/FlashZilla2";
			};
			name = Release;
		};
		3440CAD32D2E6C4B00F23B2C /* Debug */ = {
			isa = XCBuildConfiguration;
			buildSettings = {
				CODE_SIGN_STYLE = Automatic;
				CURRENT_PROJECT_VERSION = 1;
				GENERATE_INFOPLIST_FILE = YES;
				MARKETING_VERSION = 1.0;
				PRODUCT_BUNDLE_IDENTIFIER = com.dekideks.100DaysSwiftUI.FlashZilla2UITests;
				PRODUCT_NAME = "$(TARGET_NAME)";
				SWIFT_EMIT_LOC_STRINGS = NO;
				SWIFT_VERSION = 5.0;
				TARGETED_DEVICE_FAMILY = "1,2";
				TEST_TARGET_NAME = FlashZilla2;
			};
			name = Debug;
		};
		3440CAD42D2E6C4B00F23B2C /* Release */ = {
			isa = XCBuildConfiguration;
			buildSettings = {
				CODE_SIGN_STYLE = Automatic;
				CURRENT_PROJECT_VERSION = 1;
				GENERATE_INFOPLIST_FILE = YES;
				MARKETING_VERSION = 1.0;
				PRODUCT_BUNDLE_IDENTIFIER = com.dekideks.100DaysSwiftUI.FlashZilla2UITests;
				PRODUCT_NAME = "$(TARGET_NAME)";
				SWIFT_EMIT_LOC_STRINGS = NO;
				SWIFT_VERSION = 5.0;
				TARGETED_DEVICE_FAMILY = "1,2";
				TEST_TARGET_NAME = FlashZilla2;
			};
			name = Release;
		};
/* End XCBuildConfiguration section */

/* Begin XCConfigurationList section */
		3440CAA32D2E6C4A00F23B2C /* Build configuration list for PBXProject "FlashZilla2" */ = {
			isa = XCConfigurationList;
			buildConfigurations = (
				3440CACA2D2E6C4B00F23B2C /* Debug */,
				3440CACB2D2E6C4B00F23B2C /* Release */,
			);
			defaultConfigurationIsVisible = 0;
			defaultConfigurationName = Release;
		};
		3440CACC2D2E6C4B00F23B2C /* Build configuration list for PBXNativeTarget "FlashZilla2" */ = {
			isa = XCConfigurationList;
			buildConfigurations = (
				3440CACD2D2E6C4B00F23B2C /* Debug */,
				3440CACE2D2E6C4B00F23B2C /* Release */,
			);
			defaultConfigurationIsVisible = 0;
			defaultConfigurationName = Release;
		};
		3440CACF2D2E6C4B00F23B2C /* Build configuration list for PBXNativeTarget "FlashZilla2Tests" */ = {
			isa = XCConfigurationList;
			buildConfigurations = (
				3440CAD02D2E6C4B00F23B2C /* Debug */,
				3440CAD12D2E6C4B00F23B2C /* Release */,
			);
			defaultConfigurationIsVisible = 0;
			defaultConfigurationName = Release;
		};
		3440CAD22D2E6C4B00F23B2C /* Build configuration list for PBXNativeTarget "FlashZilla2UITests" */ = {
			isa = XCConfigurationList;
			buildConfigurations = (
				3440CAD32D2E6C4B00F23B2C /* Debug */,
				3440CAD42D2E6C4B00F23B2C /* Release */,
			);
			defaultConfigurationIsVisible = 0;
			defaultConfigurationName = Release;
		};
/* End XCConfigurationList section */
	};
	rootObject = 3440CAA02D2E6C4A00F23B2C /* Project object */;
}
