// !$*UTF8*$!
{
	archiveVersion = 1;
	classes = {
	};
	objectVersion = 77;
	objects = {

/* Begin PBXBuildFile section */
		3498C5CA2CA869CA00527485 /* DekiPersistable in Frameworks */ = {isa = PBXBuildFile; productRef = 3498C5C92CA869CA00527485 /* DekiPersistable */; };
/* End PBXBuildFile section */

/* Begin PBXContainerItemProxy section */
		34C3E0442CA2FFF100056665 /* PBXContainerItemProxy */ = {
			isa = PBXContainerItemProxy;
			containerPortal = 34C3E02B2CA2FFEF00056665 /* Project object */;
			proxyType = 1;
			remoteGlobalIDString = 34C3E0322CA2FFEF00056665;
			remoteInfo = Day_95_Milestone_2;
		};
		34C3E04E2CA2FFF100056665 /* PBXContainerItemProxy */ = {
			isa = PBXContainerItemProxy;
			containerPortal = 34C3E02B2CA2FFEF00056665 /* Project object */;
			proxyType = 1;
			remoteGlobalIDString = 34C3E0322CA2FFEF00056665;
			remoteInfo = Day_95_Milestone_2;
		};
/* End PBXContainerItemProxy section */

/* Begin PBXFileReference section */
		34C3E0332CA2FFEF00056665 /* Day_95_Milestone_2.app */ = {isa = PBXFileReference; explicitFileType = wrapper.application; includeInIndex = 0; path = Day_95_Milestone_2.app; sourceTree = BUILT_PRODUCTS_DIR; };
		34C3E0432CA2FFF100056665 /* Day_95_Milestone_2Tests.xctest */ = {isa = PBXFileReference; explicitFileType = wrapper.cfbundle; includeInIndex = 0; path = Day_95_Milestone_2Tests.xctest; sourceTree = BUILT_PRODUCTS_DIR; };
		34C3E04D2CA2FFF100056665 /* Day_95_Milestone_2UITests.xctest */ = {isa = PBXFileReference; explicitFileType = wrapper.cfbundle; includeInIndex = 0; path = Day_95_Milestone_2UITests.xctest; sourceTree = BUILT_PRODUCTS_DIR; };
/* End PBXFileReference section */

/* Begin PBXFileSystemSynchronizedRootGroup section */
		34C3E0352CA2FFEF00056665 /* Day_95_Milestone_2 */ = {
			isa = PBXFileSystemSynchronizedRootGroup;
			path = Day_95_Milestone_2;
			sourceTree = "<group>";
		};
		34C3E0462CA2FFF100056665 /* Day_95_Milestone_2Tests */ = {
			isa = PBXFileSystemSynchronizedRootGroup;
			path = Day_95_Milestone_2Tests;
			sourceTree = "<group>";
		};
		34C3E0502CA2FFF100056665 /* Day_95_Milestone_2UITests */ = {
			isa = PBXFileSystemSynchronizedRootGroup;
			path = Day_95_Milestone_2UITests;
			sourceTree = "<group>";
		};
/* End PBXFileSystemSynchronizedRootGroup section */

/* Begin PBXFrameworksBuildPhase section */
		34C3E0302CA2FFEF00056665 /* Frameworks */ = {
			isa = PBXFrameworksBuildPhase;
			buildActionMask = 2147483647;
			files = (
				3498C5CA2CA869CA00527485 /* DekiPersistable in Frameworks */,
			);
			runOnlyForDeploymentPostprocessing = 0;
		};
		34C3E0402CA2FFF100056665 /* Frameworks */ = {
			isa = PBXFrameworksBuildPhase;
			buildActionMask = 2147483647;
			files = (
			);
			runOnlyForDeploymentPostprocessing = 0;
		};
		34C3E04A2CA2FFF100056665 /* Frameworks */ = {
			isa = PBXFrameworksBuildPhase;
			buildActionMask = 2147483647;
			files = (
			);
			runOnlyForDeploymentPostprocessing = 0;
		};
/* End PBXFrameworksBuildPhase section */

/* Begin PBXGroup section */
		34C3E02A2CA2FFEF00056665 = {
			isa = PBXGroup;
			children = (
				34C3E0352CA2FFEF00056665 /* Day_95_Milestone_2 */,
				34C3E0462CA2FFF100056665 /* Day_95_Milestone_2Tests */,
				34C3E0502CA2FFF100056665 /* Day_95_Milestone_2UITests */,
				34C3E0342CA2FFEF00056665 /* Products */,
			);
			sourceTree = "<group>";
		};
		34C3E0342CA2FFEF00056665 /* Products */ = {
			isa = PBXGroup;
			children = (
				34C3E0332CA2FFEF00056665 /* Day_95_Milestone_2.app */,
				34C3E0432CA2FFF100056665 /* Day_95_Milestone_2Tests.xctest */,
				34C3E04D2CA2FFF100056665 /* Day_95_Milestone_2UITests.xctest */,
			);
			name = Products;
			sourceTree = "<group>";
		};
/* End PBXGroup section */

/* Begin PBXNativeTarget section */
		34C3E0322CA2FFEF00056665 /* Day_95_Milestone_2 */ = {
			isa = PBXNativeTarget;
			buildConfigurationList = 34C3E0572CA2FFF100056665 /* Build configuration list for PBXNativeTarget "Day_95_Milestone_2" */;
			buildPhases = (
				34C3E02F2CA2FFEF00056665 /* Sources */,
				34C3E0302CA2FFEF00056665 /* Frameworks */,
				34C3E0312CA2FFEF00056665 /* Resources */,
			);
			buildRules = (
			);
			dependencies = (
			);
			fileSystemSynchronizedGroups = (
				34C3E0352CA2FFEF00056665 /* Day_95_Milestone_2 */,
			);
			name = Day_95_Milestone_2;
			packageProductDependencies = (
				3498C5C92CA869CA00527485 /* DekiPersistable */,
			);
			productName = Day_95_Milestone_2;
			productReference = 34C3E0332CA2FFEF00056665 /* Day_95_Milestone_2.app */;
			productType = "com.apple.product-type.application";
		};
		34C3E0422CA2FFF100056665 /* Day_95_Milestone_2Tests */ = {
			isa = PBXNativeTarget;
			buildConfigurationList = 34C3E05A2CA2FFF100056665 /* Build configuration list for PBXNativeTarget "Day_95_Milestone_2Tests" */;
			buildPhases = (
				34C3E03F2CA2FFF100056665 /* Sources */,
				34C3E0402CA2FFF100056665 /* Frameworks */,
				34C3E0412CA2FFF100056665 /* Resources */,
			);
			buildRules = (
			);
			dependencies = (
				34C3E0452CA2FFF100056665 /* PBXTargetDependency */,
			);
			fileSystemSynchronizedGroups = (
				34C3E0462CA2FFF100056665 /* Day_95_Milestone_2Tests */,
			);
			name = Day_95_Milestone_2Tests;
			packageProductDependencies = (
			);
			productName = Day_95_Milestone_2Tests;
			productReference = 34C3E0432CA2FFF100056665 /* Day_95_Milestone_2Tests.xctest */;
			productType = "com.apple.product-type.bundle.unit-test";
		};
		34C3E04C2CA2FFF100056665 /* Day_95_Milestone_2UITests */ = {
			isa = PBXNativeTarget;
			buildConfigurationList = 34C3E05D2CA2FFF100056665 /* Build configuration list for PBXNativeTarget "Day_95_Milestone_2UITests" */;
			buildPhases = (
				34C3E0492CA2FFF100056665 /* Sources */,
				34C3E04A2CA2FFF100056665 /* Frameworks */,
				34C3E04B2CA2FFF100056665 /* Resources */,
			);
			buildRules = (
			);
			dependencies = (
				34C3E04F2CA2FFF100056665 /* PBXTargetDependency */,
			);
			fileSystemSynchronizedGroups = (
				34C3E0502CA2FFF100056665 /* Day_95_Milestone_2UITests */,
			);
			name = Day_95_Milestone_2UITests;
			packageProductDependencies = (
			);
			productName = Day_95_Milestone_2UITests;
			productReference = 34C3E04D2CA2FFF100056665 /* Day_95_Milestone_2UITests.xctest */;
			productType = "com.apple.product-type.bundle.ui-testing";
		};
/* End PBXNativeTarget section */

/* Begin PBXProject section */
		34C3E02B2CA2FFEF00056665 /* Project object */ = {
			isa = PBXProject;
			attributes = {
				BuildIndependentTargetsInParallel = 1;
				LastSwiftUpdateCheck = 1600;
				LastUpgradeCheck = 1600;
				TargetAttributes = {
					34C3E0322CA2FFEF00056665 = {
						CreatedOnToolsVersion = 16.0;
					};
					34C3E0422CA2FFF100056665 = {
						CreatedOnToolsVersion = 16.0;
						TestTargetID = 34C3E0322CA2FFEF00056665;
					};
					34C3E04C2CA2FFF100056665 = {
						CreatedOnToolsVersion = 16.0;
						TestTargetID = 34C3E0322CA2FFEF00056665;
					};
				};
			};
			buildConfigurationList = 34C3E02E2CA2FFEF00056665 /* Build configuration list for PBXProject "Day_95_Milestone_2" */;
			developmentRegion = en;
			hasScannedForEncodings = 0;
			knownRegions = (
				en,
				Base,
			);
			mainGroup = 34C3E02A2CA2FFEF00056665;
			minimizedProjectReferenceProxies = 1;
			packageReferences = (
				3498C5C82CA869CA00527485 /* XCRemoteSwiftPackageReference "DekiPersistable" */,
			);
			preferredProjectObjectVersion = 77;
			productRefGroup = 34C3E0342CA2FFEF00056665 /* Products */;
			projectDirPath = "";
			projectRoot = "";
			targets = (
				34C3E0322CA2FFEF00056665 /* Day_95_Milestone_2 */,
				34C3E0422CA2FFF100056665 /* Day_95_Milestone_2Tests */,
				34C3E04C2CA2FFF100056665 /* Day_95_Milestone_2UITests */,
			);
		};
/* End PBXProject section */

/* Begin PBXResourcesBuildPhase section */
		34C3E0312CA2FFEF00056665 /* Resources */ = {
			isa = PBXResourcesBuildPhase;
			buildActionMask = 2147483647;
			files = (
			);
			runOnlyForDeploymentPostprocessing = 0;
		};
		34C3E0412CA2FFF100056665 /* Resources */ = {
			isa = PBXResourcesBuildPhase;
			buildActionMask = 2147483647;
			files = (
			);
			runOnlyForDeploymentPostprocessing = 0;
		};
		34C3E04B2CA2FFF100056665 /* Resources */ = {
			isa = PBXResourcesBuildPhase;
			buildActionMask = 2147483647;
			files = (
			);
			runOnlyForDeploymentPostprocessing = 0;
		};
/* End PBXResourcesBuildPhase section */

/* Begin PBXSourcesBuildPhase section */
		34C3E02F2CA2FFEF00056665 /* Sources */ = {
			isa = PBXSourcesBuildPhase;
			buildActionMask = 2147483647;
			files = (
			);
			runOnlyForDeploymentPostprocessing = 0;
		};
		34C3E03F2CA2FFF100056665 /* Sources */ = {
			isa = PBXSourcesBuildPhase;
			buildActionMask = 2147483647;
			files = (
			);
			runOnlyForDeploymentPostprocessing = 0;
		};
		34C3E0492CA2FFF100056665 /* Sources */ = {
			isa = PBXSourcesBuildPhase;
			buildActionMask = 2147483647;
			files = (
			);
			runOnlyForDeploymentPostprocessing = 0;
		};
/* End PBXSourcesBuildPhase section */

/* Begin PBXTargetDependency section */
		34C3E0452CA2FFF100056665 /* PBXTargetDependency */ = {
			isa = PBXTargetDependency;
			target = 34C3E0322CA2FFEF00056665 /* Day_95_Milestone_2 */;
			targetProxy = 34C3E0442CA2FFF100056665 /* PBXContainerItemProxy */;
		};
		34C3E04F2CA2FFF100056665 /* PBXTargetDependency */ = {
			isa = PBXTargetDependency;
			target = 34C3E0322CA2FFEF00056665 /* Day_95_Milestone_2 */;
			targetProxy = 34C3E04E2CA2FFF100056665 /* PBXContainerItemProxy */;
		};
/* End PBXTargetDependency section */

/* Begin XCBuildConfiguration section */
		34C3E0552CA2FFF100056665 /* Debug */ = {
			isa = XCBuildConfiguration;
			buildSettings = {
				ALWAYS_SEARCH_USER_PATHS = NO;
				ASSETCATALOG_COMPILER_GENERATE_SWIFT_ASSET_SYMBOL_EXTENSIONS = YES;
				CLANG_ANALYZER_NONNULL = YES;
				CLANG_ANALYZER_NUMBER_OBJECT_CONVERSION = YES_AGGRESSIVE;
				CLANG_CXX_LANGUAGE_STANDARD = "gnu++20";
				CLANG_ENABLE_MODULES = YES;
				CLANG_ENABLE_OBJC_ARC = YES;
				CLANG_ENABLE_OBJC_WEAK = YES;
				CLANG_WARN_BLOCK_CAPTURE_AUTORELEASING = YES;
				CLANG_WARN_BOOL_CONVERSION = YES;
				CLANG_WARN_COMMA = YES;
				CLANG_WARN_CONSTANT_CONVERSION = YES;
				CLANG_WARN_DEPRECATED_OBJC_IMPLEMENTATIONS = YES;
				CLANG_WARN_DIRECT_OBJC_ISA_USAGE = YES_ERROR;
				CLANG_WARN_DOCUMENTATION_COMMENTS = YES;
				CLANG_WARN_EMPTY_BODY = YES;
				CLANG_WARN_ENUM_CONVERSION = YES;
				CLANG_WARN_INFINITE_RECURSION = YES;
				CLANG_WARN_INT_CONVERSION = YES;
				CLANG_WARN_NON_LITERAL_NULL_CONVERSION = YES;
				CLANG_WARN_OBJC_IMPLICIT_RETAIN_SELF = YES;
				CLANG_WARN_OBJC_LITERAL_CONVERSION = YES;
				CLANG_WARN_OBJC_ROOT_CLASS = YES_ERROR;
				CLANG_WARN_QUOTED_INCLUDE_IN_FRAMEWORK_HEADER = YES;
				CLANG_WARN_RANGE_LOOP_ANALYSIS = YES;
				CLANG_WARN_STRICT_PROTOTYPES = YES;
				CLANG_WARN_SUSPICIOUS_MOVE = YES;
				CLANG_WARN_UNGUARDED_AVAILABILITY = YES_AGGRESSIVE;
				CLANG_WARN_UNREACHABLE_CODE = YES;
				CLANG_WARN__DUPLICATE_METHOD_MATCH = YES;
				COPY_PHASE_STRIP = NO;
				DEBUG_INFORMATION_FORMAT = dwarf;
				ENABLE_STRICT_OBJC_MSGSEND = YES;
				ENABLE_TESTABILITY = YES;
				ENABLE_USER_SCRIPT_SANDBOXING = YES;
				GCC_C_LANGUAGE_STANDARD = gnu17;
				GCC_DYNAMIC_NO_PIC = NO;
				GCC_NO_COMMON_BLOCKS = YES;
				GCC_OPTIMIZATION_LEVEL = 0;
				GCC_PREPROCESSOR_DEFINITIONS = (
					"DEBUG=1",
					"$(inherited)",
				);
				GCC_WARN_64_TO_32_BIT_CONVERSION = YES;
				GCC_WARN_ABOUT_RETURN_TYPE = YES_ERROR;
				GCC_WARN_UNDECLARED_SELECTOR = YES;
				GCC_WARN_UNINITIALIZED_AUTOS = YES_AGGRESSIVE;
				GCC_WARN_UNUSED_FUNCTION = YES;
				GCC_WARN_UNUSED_VARIABLE = YES;
				IPHONEOS_DEPLOYMENT_TARGET = 18.0;
				LOCALIZATION_PREFERS_STRING_CATALOGS = YES;
				MTL_ENABLE_DEBUG_INFO = INCLUDE_SOURCE;
				MTL_FAST_MATH = YES;
				ONLY_ACTIVE_ARCH = YES;
				SDKROOT = iphoneos;
				SWIFT_ACTIVE_COMPILATION_CONDITIONS = "DEBUG $(inherited)";
				SWIFT_OPTIMIZATION_LEVEL = "-Onone";
			};
			name = Debug;
		};
		34C3E0562CA2FFF100056665 /* Release */ = {
			isa = XCBuildConfiguration;
			buildSettings = {
				ALWAYS_SEARCH_USER_PATHS = NO;
				ASSETCATALOG_COMPILER_GENERATE_SWIFT_ASSET_SYMBOL_EXTENSIONS = YES;
				CLANG_ANALYZER_NONNULL = YES;
				CLANG_ANALYZER_NUMBER_OBJECT_CONVERSION = YES_AGGRESSIVE;
				CLANG_CXX_LANGUAGE_STANDARD = "gnu++20";
				CLANG_ENABLE_MODULES = YES;
				CLANG_ENABLE_OBJC_ARC = YES;
				CLANG_ENABLE_OBJC_WEAK = YES;
				CLANG_WARN_BLOCK_CAPTURE_AUTORELEASING = YES;
				CLANG_WARN_BOOL_CONVERSION = YES;
				CLANG_WARN_COMMA = YES;
				CLANG_WARN_CONSTANT_CONVERSION = YES;
				CLANG_WARN_DEPRECATED_OBJC_IMPLEMENTATIONS = YES;
				CLANG_WARN_DIRECT_OBJC_ISA_USAGE = YES_ERROR;
				CLANG_WARN_DOCUMENTATION_COMMENTS = YES;
				CLANG_WARN_EMPTY_BODY = YES;
				CLANG_WARN_ENUM_CONVERSION = YES;
				CLANG_WARN_INFINITE_RECURSION = YES;
				CLANG_WARN_INT_CONVERSION = YES;
				CLANG_WARN_NON_LITERAL_NULL_CONVERSION = YES;
				CLANG_WARN_OBJC_IMPLICIT_RETAIN_SELF = YES;
				CLANG_WARN_OBJC_LITERAL_CONVERSION = YES;
				CLANG_WARN_OBJC_ROOT_CLASS = YES_ERROR;
				CLANG_WARN_QUOTED_INCLUDE_IN_FRAMEWORK_HEADER = YES;
				CLANG_WARN_RANGE_LOOP_ANALYSIS = YES;
				CLANG_WARN_STRICT_PROTOTYPES = YES;
				CLANG_WARN_SUSPICIOUS_MOVE = YES;
				CLANG_WARN_UNGUARDED_AVAILABILITY = YES_AGGRESSIVE;
				CLANG_WARN_UNREACHABLE_CODE = YES;
				CLANG_WARN__DUPLICATE_METHOD_MATCH = YES;
				COPY_PHASE_STRIP = NO;
				DEBUG_INFORMATION_FORMAT = "dwarf-with-dsym";
				ENABLE_NS_ASSERTIONS = NO;
				ENABLE_STRICT_OBJC_MSGSEND = YES;
				ENABLE_USER_SCRIPT_SANDBOXING = YES;
				GCC_C_LANGUAGE_STANDARD = gnu17;
				GCC_NO_COMMON_BLOCKS = YES;
				GCC_WARN_64_TO_32_BIT_CONVERSION = YES;
				GCC_WARN_ABOUT_RETURN_TYPE = YES_ERROR;
				GCC_WARN_UNDECLARED_SELECTOR = YES;
				GCC_WARN_UNINITIALIZED_AUTOS = YES_AGGRESSIVE;
				GCC_WARN_UNUSED_FUNCTION = YES;
				GCC_WARN_UNUSED_VARIABLE = YES;
				IPHONEOS_DEPLOYMENT_TARGET = 18.0;
				LOCALIZATION_PREFERS_STRING_CATALOGS = YES;
				MTL_ENABLE_DEBUG_INFO = NO;
				MTL_FAST_MATH = YES;
				SDKROOT = iphoneos;
				SWIFT_COMPILATION_MODE = wholemodule;
				VALIDATE_PRODUCT = YES;
			};
			name = Release;
		};
		34C3E0582CA2FFF100056665 /* Debug */ = {
			isa = XCBuildConfiguration;
			buildSettings = {
				ASSETCATALOG_COMPILER_APPICON_NAME = AppIcon;
				ASSETCATALOG_COMPILER_GLOBAL_ACCENT_COLOR_NAME = AccentColor;
				CODE_SIGN_STYLE = Automatic;
				CURRENT_PROJECT_VERSION = 1;
				DEVELOPMENT_ASSET_PATHS = "\"Day_95_Milestone_2/Preview Content\"";
				DEVELOPMENT_TEAM = YB2QWCYR88;
				ENABLE_PREVIEWS = YES;
				GENERATE_INFOPLIST_FILE = YES;
				INFOPLIST_KEY_UIApplicationSceneManifest_Generation = YES;
				INFOPLIST_KEY_UIApplicationSupportsIndirectInputEvents = YES;
				INFOPLIST_KEY_UILaunchScreen_Generation = YES;
				INFOPLIST_KEY_UISupportedInterfaceOrientations_iPad = "UIInterfaceOrientationPortrait UIInterfaceOrientationPortraitUpsideDown UIInterfaceOrientationLandscapeLeft UIInterfaceOrientationLandscapeRight";
				INFOPLIST_KEY_UISupportedInterfaceOrientations_iPhone = "UIInterfaceOrientationPortrait UIInterfaceOrientationLandscapeLeft UIInterfaceOrientationLandscapeRight";
				LD_RUNPATH_SEARCH_PATHS = (
					"$(inherited)",
					"@executable_path/Frameworks",
				);
				MARKETING_VERSION = 1.0;
				PRODUCT_BUNDLE_IDENTIFIER = "com.dekideks.Day-95-Milestone-2";
				PRODUCT_NAME = "$(TARGET_NAME)";
				SWIFT_EMIT_LOC_STRINGS = YES;
				SWIFT_VERSION = 5.0;
				TARGETED_DEVICE_FAMILY = "1,2";
			};
			name = Debug;
		};
		34C3E0592CA2FFF100056665 /* Release */ = {
			isa = XCBuildConfiguration;
			buildSettings = {
				ASSETCATALOG_COMPILER_APPICON_NAME = AppIcon;
				ASSETCATALOG_COMPILER_GLOBAL_ACCENT_COLOR_NAME = AccentColor;
				CODE_SIGN_STYLE = Automatic;
				CURRENT_PROJECT_VERSION = 1;
				DEVELOPMENT_ASSET_PATHS = "\"Day_95_Milestone_2/Preview Content\"";
				DEVELOPMENT_TEAM = YB2QWCYR88;
				ENABLE_PREVIEWS = YES;
				GENERATE_INFOPLIST_FILE = YES;
				INFOPLIST_KEY_UIApplicationSceneManifest_Generation = YES;
				INFOPLIST_KEY_UIApplicationSupportsIndirectInputEvents = YES;
				INFOPLIST_KEY_UILaunchScreen_Generation = YES;
				INFOPLIST_KEY_UISupportedInterfaceOrientations_iPad = "UIInterfaceOrientationPortrait UIInterfaceOrientationPortraitUpsideDown UIInterfaceOrientationLandscapeLeft UIInterfaceOrientationLandscapeRight";
				INFOPLIST_KEY_UISupportedInterfaceOrientations_iPhone = "UIInterfaceOrientationPortrait UIInterfaceOrientationLandscapeLeft UIInterfaceOrientationLandscapeRight";
				LD_RUNPATH_SEARCH_PATHS = (
					"$(inherited)",
					"@executable_path/Frameworks",
				);
				MARKETING_VERSION = 1.0;
				PRODUCT_BUNDLE_IDENTIFIER = "com.dekideks.Day-95-Milestone-2";
				PRODUCT_NAME = "$(TARGET_NAME)";
				SWIFT_EMIT_LOC_STRINGS = YES;
				SWIFT_VERSION = 5.0;
				TARGETED_DEVICE_FAMILY = "1,2";
			};
			name = Release;
		};
		34C3E05B2CA2FFF100056665 /* Debug */ = {
			isa = XCBuildConfiguration;
			buildSettings = {
				BUNDLE_LOADER = "$(TEST_HOST)";
				CODE_SIGN_STYLE = Automatic;
				CURRENT_PROJECT_VERSION = 1;
				DEVELOPMENT_TEAM = YB2QWCYR88;
				GENERATE_INFOPLIST_FILE = YES;
				IPHONEOS_DEPLOYMENT_TARGET = 18.0;
				MARKETING_VERSION = 1.0;
				PRODUCT_BUNDLE_IDENTIFIER = "com.dekideks.Day-95-Milestone-2Tests";
				PRODUCT_NAME = "$(TARGET_NAME)";
				SWIFT_EMIT_LOC_STRINGS = NO;
				SWIFT_VERSION = 5.0;
				TARGETED_DEVICE_FAMILY = "1,2";
				TEST_HOST = "$(BUILT_PRODUCTS_DIR)/Day_95_Milestone_2.app/$(BUNDLE_EXECUTABLE_FOLDER_PATH)/Day_95_Milestone_2";
			};
			name = Debug;
		};
		34C3E05C2CA2FFF100056665 /* Release */ = {
			isa = XCBuildConfiguration;
			buildSettings = {
				BUNDLE_LOADER = "$(TEST_HOST)";
				CODE_SIGN_STYLE = Automatic;
				CURRENT_PROJECT_VERSION = 1;
				DEVELOPMENT_TEAM = YB2QWCYR88;
				GENERATE_INFOPLIST_FILE = YES;
				IPHONEOS_DEPLOYMENT_TARGET = 18.0;
				MARKETING_VERSION = 1.0;
				PRODUCT_BUNDLE_IDENTIFIER = "com.dekideks.Day-95-Milestone-2Tests";
				PRODUCT_NAME = "$(TARGET_NAME)";
				SWIFT_EMIT_LOC_STRINGS = NO;
				SWIFT_VERSION = 5.0;
				TARGETED_DEVICE_FAMILY = "1,2";
				TEST_HOST = "$(BUILT_PRODUCTS_DIR)/Day_95_Milestone_2.app/$(BUNDLE_EXECUTABLE_FOLDER_PATH)/Day_95_Milestone_2";
			};
			name = Release;
		};
		34C3E05E2CA2FFF100056665 /* Debug */ = {
			isa = XCBuildConfiguration;
			buildSettings = {
				CODE_SIGN_STYLE = Automatic;
				CURRENT_PROJECT_VERSION = 1;
				DEVELOPMENT_TEAM = YB2QWCYR88;
				GENERATE_INFOPLIST_FILE = YES;
				MARKETING_VERSION = 1.0;
				PRODUCT_BUNDLE_IDENTIFIER = "com.dekideks.Day-95-Milestone-2UITests";
				PRODUCT_NAME = "$(TARGET_NAME)";
				SWIFT_EMIT_LOC_STRINGS = NO;
				SWIFT_VERSION = 5.0;
				TARGETED_DEVICE_FAMILY = "1,2";
				TEST_TARGET_NAME = Day_95_Milestone_2;
			};
			name = Debug;
		};
		34C3E05F2CA2FFF100056665 /* Release */ = {
			isa = XCBuildConfiguration;
			buildSettings = {
				CODE_SIGN_STYLE = Automatic;
				CURRENT_PROJECT_VERSION = 1;
				DEVELOPMENT_TEAM = YB2QWCYR88;
				GENERATE_INFOPLIST_FILE = YES;
				MARKETING_VERSION = 1.0;
				PRODUCT_BUNDLE_IDENTIFIER = "com.dekideks.Day-95-Milestone-2UITests";
				PRODUCT_NAME = "$(TARGET_NAME)";
				SWIFT_EMIT_LOC_STRINGS = NO;
				SWIFT_VERSION = 5.0;
				TARGETED_DEVICE_FAMILY = "1,2";
				TEST_TARGET_NAME = Day_95_Milestone_2;
			};
			name = Release;
		};
/* End XCBuildConfiguration section */

/* Begin XCConfigurationList section */
		34C3E02E2CA2FFEF00056665 /* Build configuration list for PBXProject "Day_95_Milestone_2" */ = {
			isa = XCConfigurationList;
			buildConfigurations = (
				34C3E0552CA2FFF100056665 /* Debug */,
				34C3E0562CA2FFF100056665 /* Release */,
			);
			defaultConfigurationIsVisible = 0;
			defaultConfigurationName = Release;
		};
		34C3E0572CA2FFF100056665 /* Build configuration list for PBXNativeTarget "Day_95_Milestone_2" */ = {
			isa = XCConfigurationList;
			buildConfigurations = (
				34C3E0582CA2FFF100056665 /* Debug */,
				34C3E0592CA2FFF100056665 /* Release */,
			);
			defaultConfigurationIsVisible = 0;
			defaultConfigurationName = Release;
		};
		34C3E05A2CA2FFF100056665 /* Build configuration list for PBXNativeTarget "Day_95_Milestone_2Tests" */ = {
			isa = XCConfigurationList;
			buildConfigurations = (
				34C3E05B2CA2FFF100056665 /* Debug */,
				34C3E05C2CA2FFF100056665 /* Release */,
			);
			defaultConfigurationIsVisible = 0;
			defaultConfigurationName = Release;
		};
		34C3E05D2CA2FFF100056665 /* Build configuration list for PBXNativeTarget "Day_95_Milestone_2UITests" */ = {
			isa = XCConfigurationList;
			buildConfigurations = (
				34C3E05E2CA2FFF100056665 /* Debug */,
				34C3E05F2CA2FFF100056665 /* Release */,
			);
			defaultConfigurationIsVisible = 0;
			defaultConfigurationName = Release;
		};
/* End XCConfigurationList section */

/* Begin XCRemoteSwiftPackageReference section */
		3498C5C82CA869CA00527485 /* XCRemoteSwiftPackageReference "DekiPersistable" */ = {
			isa = XCRemoteSwiftPackageReference;
			repositoryURL = "https://github.com/blitzdex27/DekiPersistable.git";
			requirement = {
				kind = upToNextMajorVersion;
				minimumVersion = 1.0.1;
			};
		};
/* End XCRemoteSwiftPackageReference section */

/* Begin XCSwiftPackageProductDependency section */
		3498C5C92CA869CA00527485 /* DekiPersistable */ = {
			isa = XCSwiftPackageProductDependency;
			package = 3498C5C82CA869CA00527485 /* XCRemoteSwiftPackageReference "DekiPersistable" */;
			productName = DekiPersistable;
		};
/* End XCSwiftPackageProductDependency section */
	};
	rootObject = 34C3E02B2CA2FFEF00056665 /* Project object */;
}
