// !$*UTF8*$!
{
	archiveVersion = 1;
	classes = {
	};
	objectVersion = 56;
	objects = {

/* Begin PBXBuildFile section */
		3460630D2C2692DB00DADCEA /* _6_Project12_SwiftDataProjectApp.swift in Sources */ = {isa = PBXBuildFile; fileRef = 3460630C2C2692DB00DADCEA /* _6_Project12_SwiftDataProjectApp.swift */; };
		3460630F2C2692DB00DADCEA /* ContentView.swift in Sources */ = {isa = PBXBuildFile; fileRef = 3460630E2C2692DB00DADCEA /* ContentView.swift */; };
		346063112C2692DC00DADCEA /* Assets.xcassets in Resources */ = {isa = PBXBuildFile; fileRef = 346063102C2692DC00DADCEA /* Assets.xcassets */; };
		346063142C2692DC00DADCEA /* Preview Assets.xcassets in Resources */ = {isa = PBXBuildFile; fileRef = 346063132C2692DC00DADCEA /* Preview Assets.xcassets */; };
		3460631C2C2692FB00DADCEA /* User.swift in Sources */ = {isa = PBXBuildFile; fileRef = 3460631B2C2692FA00DADCEA /* User.swift */; };
		3460631E2C26936B00DADCEA /* EditUserView.swift in Sources */ = {isa = PBXBuildFile; fileRef = 3460631D2C26936B00DADCEA /* EditUserView.swift */; };
		346063202C269D3400DADCEA /* UsersView.swift in Sources */ = {isa = PBXBuildFile; fileRef = 3460631F2C269D3400DADCEA /* UsersView.swift */; };
		346063222C26A96400DADCEA /* Job.swift in Sources */ = {isa = PBXBuildFile; fileRef = 346063212C26A96400DADCEA /* Job.swift */; };
/* End PBXBuildFile section */

/* Begin PBXFileReference section */
		346063092C2692DB00DADCEA /* 16_Project12_SwiftDataProject.app */ = {isa = PBXFileReference; explicitFileType = wrapper.application; includeInIndex = 0; path = 16_Project12_SwiftDataProject.app; sourceTree = BUILT_PRODUCTS_DIR; };
		3460630C2C2692DB00DADCEA /* _6_Project12_SwiftDataProjectApp.swift */ = {isa = PBXFileReference; lastKnownFileType = sourcecode.swift; path = _6_Project12_SwiftDataProjectApp.swift; sourceTree = "<group>"; };
		3460630E2C2692DB00DADCEA /* ContentView.swift */ = {isa = PBXFileReference; lastKnownFileType = sourcecode.swift; path = ContentView.swift; sourceTree = "<group>"; };
		346063102C2692DC00DADCEA /* Assets.xcassets */ = {isa = PBXFileReference; lastKnownFileType = folder.assetcatalog; path = Assets.xcassets; sourceTree = "<group>"; };
		346063132C2692DC00DADCEA /* Preview Assets.xcassets */ = {isa = PBXFileReference; lastKnownFileType = folder.assetcatalog; path = "Preview Assets.xcassets"; sourceTree = "<group>"; };
		3460631B2C2692FA00DADCEA /* User.swift */ = {isa = PBXFileReference; lastKnownFileType = sourcecode.swift; path = User.swift; sourceTree = "<group>"; };
		3460631D2C26936B00DADCEA /* EditUserView.swift */ = {isa = PBXFileReference; lastKnownFileType = sourcecode.swift; path = EditUserView.swift; sourceTree = "<group>"; };
		3460631F2C269D3400DADCEA /* UsersView.swift */ = {isa = PBXFileReference; lastKnownFileType = sourcecode.swift; path = UsersView.swift; sourceTree = "<group>"; };
		346063212C26A96400DADCEA /* Job.swift */ = {isa = PBXFileReference; lastKnownFileType = sourcecode.swift; path = Job.swift; sourceTree = "<group>"; };
		346063232C26ACB300DADCEA /* 16_Project12_SwiftDataProject.entitlements */ = {isa = PBXFileReference; lastKnownFileType = text.plist.entitlements; path = 16_Project12_SwiftDataProject.entitlements; sourceTree = "<group>"; };
		34AABFE12C270A6F0034286F /* -6-Project12-SwiftDataProject-Info.plist */ = {isa = PBXFileReference; lastKnownFileType = text.plist; path = "-6-Project12-SwiftDataProject-Info.plist"; sourceTree = SOURCE_ROOT; };
/* End PBXFileReference section */

/* Begin PBXFrameworksBuildPhase section */
		346063062C2692DB00DADCEA /* Frameworks */ = {
			isa = PBXFrameworksBuildPhase;
			buildActionMask = 2147483647;
			files = (
			);
			runOnlyForDeploymentPostprocessing = 0;
		};
/* End PBXFrameworksBuildPhase section */

/* Begin PBXGroup section */
		346063002C2692DB00DADCEA = {
			isa = PBXGroup;
			children = (
				3460630B2C2692DB00DADCEA /* 16_Project12_SwiftDataProject */,
				3460630A2C2692DB00DADCEA /* Products */,
			);
			sourceTree = "<group>";
		};
		3460630A2C2692DB00DADCEA /* Products */ = {
			isa = PBXGroup;
			children = (
				346063092C2692DB00DADCEA /* 16_Project12_SwiftDataProject.app */,
			);
			name = Products;
			sourceTree = "<group>";
		};
		3460630B2C2692DB00DADCEA /* 16_Project12_SwiftDataProject */ = {
			isa = PBXGroup;
			children = (
				34AABFE12C270A6F0034286F /* -6-Project12-SwiftDataProject-Info.plist */,
				346063232C26ACB300DADCEA /* 16_Project12_SwiftDataProject.entitlements */,
				3460630C2C2692DB00DADCEA /* _6_Project12_SwiftDataProjectApp.swift */,
				3460630E2C2692DB00DADCEA /* ContentView.swift */,
				3460631D2C26936B00DADCEA /* EditUserView.swift */,
				3460631F2C269D3400DADCEA /* UsersView.swift */,
				3460631A2C2692F200DADCEA /* Models */,
				346063102C2692DC00DADCEA /* Assets.xcassets */,
				346063122C2692DC00DADCEA /* Preview Content */,
			);
			path = 16_Project12_SwiftDataProject;
			sourceTree = "<group>";
		};
		346063122C2692DC00DADCEA /* Preview Content */ = {
			isa = PBXGroup;
			children = (
				346063132C2692DC00DADCEA /* Preview Assets.xcassets */,
			);
			path = "Preview Content";
			sourceTree = "<group>";
		};
		3460631A2C2692F200DADCEA /* Models */ = {
			isa = PBXGroup;
			children = (
				3460631B2C2692FA00DADCEA /* User.swift */,
				346063212C26A96400DADCEA /* Job.swift */,
			);
			path = Models;
			sourceTree = "<group>";
		};
/* End PBXGroup section */

/* Begin PBXNativeTarget section */
		346063082C2692DB00DADCEA /* 16_Project12_SwiftDataProject */ = {
			isa = PBXNativeTarget;
			buildConfigurationList = 346063172C2692DC00DADCEA /* Build configuration list for PBXNativeTarget "16_Project12_SwiftDataProject" */;
			buildPhases = (
				346063052C2692DB00DADCEA /* Sources */,
				346063062C2692DB00DADCEA /* Frameworks */,
				346063072C2692DB00DADCEA /* Resources */,
			);
			buildRules = (
			);
			dependencies = (
			);
			name = 16_Project12_SwiftDataProject;
			productName = 16_Project12_SwiftDataProject;
			productReference = 346063092C2692DB00DADCEA /* 16_Project12_SwiftDataProject.app */;
			productType = "com.apple.product-type.application";
		};
/* End PBXNativeTarget section */

/* Begin PBXProject section */
		346063012C2692DB00DADCEA /* Project object */ = {
			isa = PBXProject;
			attributes = {
				BuildIndependentTargetsInParallel = 1;
				LastSwiftUpdateCheck = 1530;
				LastUpgradeCheck = 1530;
				TargetAttributes = {
					346063082C2692DB00DADCEA = {
						CreatedOnToolsVersion = 15.3;
					};
				};
			};
			buildConfigurationList = 346063042C2692DB00DADCEA /* Build configuration list for PBXProject "16_Project12_SwiftDataProject" */;
			compatibilityVersion = "Xcode 14.0";
			developmentRegion = en;
			hasScannedForEncodings = 0;
			knownRegions = (
				en,
				Base,
			);
			mainGroup = 346063002C2692DB00DADCEA;
			productRefGroup = 3460630A2C2692DB00DADCEA /* Products */;
			projectDirPath = "";
			projectRoot = "";
			targets = (
				346063082C2692DB00DADCEA /* 16_Project12_SwiftDataProject */,
			);
		};
/* End PBXProject section */

/* Begin PBXResourcesBuildPhase section */
		346063072C2692DB00DADCEA /* Resources */ = {
			isa = PBXResourcesBuildPhase;
			buildActionMask = 2147483647;
			files = (
				346063142C2692DC00DADCEA /* Preview Assets.xcassets in Resources */,
				346063112C2692DC00DADCEA /* Assets.xcassets in Resources */,
			);
			runOnlyForDeploymentPostprocessing = 0;
		};
/* End PBXResourcesBuildPhase section */

/* Begin PBXSourcesBuildPhase section */
		346063052C2692DB00DADCEA /* Sources */ = {
			isa = PBXSourcesBuildPhase;
			buildActionMask = 2147483647;
			files = (
				346063202C269D3400DADCEA /* UsersView.swift in Sources */,
				346063222C26A96400DADCEA /* Job.swift in Sources */,
				3460630F2C2692DB00DADCEA /* ContentView.swift in Sources */,
				3460631E2C26936B00DADCEA /* EditUserView.swift in Sources */,
				3460630D2C2692DB00DADCEA /* _6_Project12_SwiftDataProjectApp.swift in Sources */,
				3460631C2C2692FB00DADCEA /* User.swift in Sources */,
			);
			runOnlyForDeploymentPostprocessing = 0;
		};
/* End PBXSourcesBuildPhase section */

/* Begin XCBuildConfiguration section */
		346063152C2692DC00DADCEA /* Debug */ = {
			isa = XCBuildConfiguration;
			buildSettings = {
				ALWAYS_SEARCH_USER_PATHS = NO;
				ASSETCATALOG_COMPILER_GENERATE_SWIFT_ASSET_SYMBOL_EXTENSIONS = YES;
				CLANG_ANALYZER_NONNULL = YES;
				CLANG_ANALYZER_NUMBER_OBJECT_CONVERSION = YES_AGGRESSIVE;
				CLANG_CXX_LANGUAGE_STANDARD = "gnu++20";
				CLANG_ENABLE_MODULES = YES;
				CLANG_ENABLE_OBJC_ARC = YES;
				CLANG_ENABLE_OBJC_WEAK = YES;
				CLANG_WARN_BLOCK_CAPTURE_AUTORELEASING = YES;
				CLANG_WARN_BOOL_CONVERSION = YES;
				CLANG_WARN_COMMA = YES;
				CLANG_WARN_CONSTANT_CONVERSION = YES;
				CLANG_WARN_DEPRECATED_OBJC_IMPLEMENTATIONS = YES;
				CLANG_WARN_DIRECT_OBJC_ISA_USAGE = YES_ERROR;
				CLANG_WARN_DOCUMENTATION_COMMENTS = YES;
				CLANG_WARN_EMPTY_BODY = YES;
				CLANG_WARN_ENUM_CONVERSION = YES;
				CLANG_WARN_INFINITE_RECURSION = YES;
				CLANG_WARN_INT_CONVERSION = YES;
				CLANG_WARN_NON_LITERAL_NULL_CONVERSION = YES;
				CLANG_WARN_OBJC_IMPLICIT_RETAIN_SELF = YES;
				CLANG_WARN_OBJC_LITERAL_CONVERSION = YES;
				CLANG_WARN_OBJC_ROOT_CLASS = YES_ERROR;
				CLANG_WARN_QUOTED_INCLUDE_IN_FRAMEWORK_HEADER = YES;
				CLANG_WARN_RANGE_LOOP_ANALYSIS = YES;
				CLANG_WARN_STRICT_PROTOTYPES = YES;
				CLANG_WARN_SUSPICIOUS_MOVE = YES;
				CLANG_WARN_UNGUARDED_AVAILABILITY = YES_AGGRESSIVE;
				CLANG_WARN_UNREACHABLE_CODE = YES;
				CLANG_WARN__DUPLICATE_METHOD_MATCH = YES;
				COPY_PHASE_STRIP = NO;
				DEBUG_INFORMATION_FORMAT = dwarf;
				ENABLE_STRICT_OBJC_MSGSEND = YES;
				ENABLE_TESTABILITY = YES;
				ENABLE_USER_SCRIPT_SANDBOXING = YES;
				GCC_C_LANGUAGE_STANDARD = gnu17;
				GCC_DYNAMIC_NO_PIC = NO;
				GCC_NO_COMMON_BLOCKS = YES;
				GCC_OPTIMIZATION_LEVEL = 0;
				GCC_PREPROCESSOR_DEFINITIONS = (
					"DEBUG=1",
					"$(inherited)",
				);
				GCC_WARN_64_TO_32_BIT_CONVERSION = YES;
				GCC_WARN_ABOUT_RETURN_TYPE = YES_ERROR;
				GCC_WARN_UNDECLARED_SELECTOR = YES;
				GCC_WARN_UNINITIALIZED_AUTOS = YES_AGGRESSIVE;
				GCC_WARN_UNUSED_FUNCTION = YES;
				GCC_WARN_UNUSED_VARIABLE = YES;
				IPHONEOS_DEPLOYMENT_TARGET = 17.4;
				LOCALIZATION_PREFERS_STRING_CATALOGS = YES;
				MTL_ENABLE_DEBUG_INFO = INCLUDE_SOURCE;
				MTL_FAST_MATH = YES;
				ONLY_ACTIVE_ARCH = YES;
				SDKROOT = iphoneos;
				SWIFT_ACTIVE_COMPILATION_CONDITIONS = "DEBUG $(inherited)";
				SWIFT_OPTIMIZATION_LEVEL = "-Onone";
			};
			name = Debug;
		};
		346063162C2692DC00DADCEA /* Release */ = {
			isa = XCBuildConfiguration;
			buildSettings = {
				ALWAYS_SEARCH_USER_PATHS = NO;
				ASSETCATALOG_COMPILER_GENERATE_SWIFT_ASSET_SYMBOL_EXTENSIONS = YES;
				CLANG_ANALYZER_NONNULL = YES;
				CLANG_ANALYZER_NUMBER_OBJECT_CONVERSION = YES_AGGRESSIVE;
				CLANG_CXX_LANGUAGE_STANDARD = "gnu++20";
				CLANG_ENABLE_MODULES = YES;
				CLANG_ENABLE_OBJC_ARC = YES;
				CLANG_ENABLE_OBJC_WEAK = YES;
				CLANG_WARN_BLOCK_CAPTURE_AUTORELEASING = YES;
				CLANG_WARN_BOOL_CONVERSION = YES;
				CLANG_WARN_COMMA = YES;
				CLANG_WARN_CONSTANT_CONVERSION = YES;
				CLANG_WARN_DEPRECATED_OBJC_IMPLEMENTATIONS = YES;
				CLANG_WARN_DIRECT_OBJC_ISA_USAGE = YES_ERROR;
				CLANG_WARN_DOCUMENTATION_COMMENTS = YES;
				CLANG_WARN_EMPTY_BODY = YES;
				CLANG_WARN_ENUM_CONVERSION = YES;
				CLANG_WARN_INFINITE_RECURSION = YES;
				CLANG_WARN_INT_CONVERSION = YES;
				CLANG_WARN_NON_LITERAL_NULL_CONVERSION = YES;
				CLANG_WARN_OBJC_IMPLICIT_RETAIN_SELF = YES;
				CLANG_WARN_OBJC_LITERAL_CONVERSION = YES;
				CLANG_WARN_OBJC_ROOT_CLASS = YES_ERROR;
				CLANG_WARN_QUOTED_INCLUDE_IN_FRAMEWORK_HEADER = YES;
				CLANG_WARN_RANGE_LOOP_ANALYSIS = YES;
				CLANG_WARN_STRICT_PROTOTYPES = YES;
				CLANG_WARN_SUSPICIOUS_MOVE = YES;
				CLANG_WARN_UNGUARDED_AVAILABILITY = YES_AGGRESSIVE;
				CLANG_WARN_UNREACHABLE_CODE = YES;
				CLANG_WARN__DUPLICATE_METHOD_MATCH = YES;
				COPY_PHASE_STRIP = NO;
				DEBUG_INFORMATION_FORMAT = "dwarf-with-dsym";
				ENABLE_NS_ASSERTIONS = NO;
				ENABLE_STRICT_OBJC_MSGSEND = YES;
				ENABLE_USER_SCRIPT_SANDBOXING = YES;
				GCC_C_LANGUAGE_STANDARD = gnu17;
				GCC_NO_COMMON_BLOCKS = YES;
				GCC_WARN_64_TO_32_BIT_CONVERSION = YES;
				GCC_WARN_ABOUT_RETURN_TYPE = YES_ERROR;
				GCC_WARN_UNDECLARED_SELECTOR = YES;
				GCC_WARN_UNINITIALIZED_AUTOS = YES_AGGRESSIVE;
				GCC_WARN_UNUSED_FUNCTION = YES;
				GCC_WARN_UNUSED_VARIABLE = YES;
				IPHONEOS_DEPLOYMENT_TARGET = 17.4;
				LOCALIZATION_PREFERS_STRING_CATALOGS = YES;
				MTL_ENABLE_DEBUG_INFO = NO;
				MTL_FAST_MATH = YES;
				SDKROOT = iphoneos;
				SWIFT_COMPILATION_MODE = wholemodule;
				VALIDATE_PRODUCT = YES;
			};
			name = Release;
		};
		346063182C2692DC00DADCEA /* Debug */ = {
			isa = XCBuildConfiguration;
			buildSettings = {
				ASSETCATALOG_COMPILER_APPICON_NAME = AppIcon;
				ASSETCATALOG_COMPILER_GLOBAL_ACCENT_COLOR_NAME = AccentColor;
				CODE_SIGN_ENTITLEMENTS = 16_Project12_SwiftDataProject/16_Project12_SwiftDataProject.entitlements;
				CODE_SIGN_STYLE = Automatic;
				CURRENT_PROJECT_VERSION = 1;
				DEVELOPMENT_ASSET_PATHS = "\"16_Project12_SwiftDataProject/Preview Content\"";
				DEVELOPMENT_TEAM = YB2QWCYR88;
				ENABLE_PREVIEWS = YES;
				GENERATE_INFOPLIST_FILE = YES;
				INFOPLIST_FILE = "-6-Project12-SwiftDataProject-Info.plist";
				INFOPLIST_KEY_UIApplicationSceneManifest_Generation = YES;
				INFOPLIST_KEY_UIApplicationSupportsIndirectInputEvents = YES;
				INFOPLIST_KEY_UILaunchScreen_Generation = YES;
				INFOPLIST_KEY_UISupportedInterfaceOrientations_iPad = "UIInterfaceOrientationPortrait UIInterfaceOrientationPortraitUpsideDown UIInterfaceOrientationLandscapeLeft UIInterfaceOrientationLandscapeRight";
				INFOPLIST_KEY_UISupportedInterfaceOrientations_iPhone = "UIInterfaceOrientationPortrait UIInterfaceOrientationLandscapeLeft UIInterfaceOrientationLandscapeRight";
				LD_RUNPATH_SEARCH_PATHS = (
					"$(inherited)",
					"@executable_path/Frameworks",
				);
				MARKETING_VERSION = 1.0;
				PRODUCT_BUNDLE_IDENTIFIER = "com.dekideks.-6-Project12-SwiftDataProject";
				PRODUCT_NAME = "$(TARGET_NAME)";
				SWIFT_EMIT_LOC_STRINGS = YES;
				SWIFT_VERSION = 5.0;
				TARGETED_DEVICE_FAMILY = "1,2";
			};
			name = Debug;
		};
		346063192C2692DC00DADCEA /* Release */ = {
			isa = XCBuildConfiguration;
			buildSettings = {
				ASSETCATALOG_COMPILER_APPICON_NAME = AppIcon;
				ASSETCATALOG_COMPILER_GLOBAL_ACCENT_COLOR_NAME = AccentColor;
				CODE_SIGN_ENTITLEMENTS = 16_Project12_SwiftDataProject/16_Project12_SwiftDataProject.entitlements;
				CODE_SIGN_STYLE = Automatic;
				CURRENT_PROJECT_VERSION = 1;
				DEVELOPMENT_ASSET_PATHS = "\"16_Project12_SwiftDataProject/Preview Content\"";
				DEVELOPMENT_TEAM = YB2QWCYR88;
				ENABLE_PREVIEWS = YES;
				GENERATE_INFOPLIST_FILE = YES;
				INFOPLIST_FILE = "-6-Project12-SwiftDataProject-Info.plist";
				INFOPLIST_KEY_UIApplicationSceneManifest_Generation = YES;
				INFOPLIST_KEY_UIApplicationSupportsIndirectInputEvents = YES;
				INFOPLIST_KEY_UILaunchScreen_Generation = YES;
				INFOPLIST_KEY_UISupportedInterfaceOrientations_iPad = "UIInterfaceOrientationPortrait UIInterfaceOrientationPortraitUpsideDown UIInterfaceOrientationLandscapeLeft UIInterfaceOrientationLandscapeRight";
				INFOPLIST_KEY_UISupportedInterfaceOrientations_iPhone = "UIInterfaceOrientationPortrait UIInterfaceOrientationLandscapeLeft UIInterfaceOrientationLandscapeRight";
				LD_RUNPATH_SEARCH_PATHS = (
					"$(inherited)",
					"@executable_path/Frameworks",
				);
				MARKETING_VERSION = 1.0;
				PRODUCT_BUNDLE_IDENTIFIER = "com.dekideks.-6-Project12-SwiftDataProject";
				PRODUCT_NAME = "$(TARGET_NAME)";
				SWIFT_EMIT_LOC_STRINGS = YES;
				SWIFT_VERSION = 5.0;
				TARGETED_DEVICE_FAMILY = "1,2";
			};
			name = Release;
		};
/* End XCBuildConfiguration section */

/* Begin XCConfigurationList section */
		346063042C2692DB00DADCEA /* Build configuration list for PBXProject "16_Project12_SwiftDataProject" */ = {
			isa = XCConfigurationList;
			buildConfigurations = (
				346063152C2692DC00DADCEA /* Debug */,
				346063162C2692DC00DADCEA /* Release */,
			);
			defaultConfigurationIsVisible = 0;
			defaultConfigurationName = Release;
		};
		346063172C2692DC00DADCEA /* Build configuration list for PBXNativeTarget "16_Project12_SwiftDataProject" */ = {
			isa = XCConfigurationList;
			buildConfigurations = (
				346063182C2692DC00DADCEA /* Debug */,
				346063192C2692DC00DADCEA /* Release */,
			);
			defaultConfigurationIsVisible = 0;
			defaultConfigurationName = Release;
		};
/* End XCConfigurationList section */
	};
	rootObject = 346063012C2692DB00DADCEA /* Project object */;
}
